// !$*UTF8*$!
{
	archiveVersion = 1;
	classes = {
	};
	objectVersion = 46;
	objects = {

/* Begin PBXBuildFile section */
		645B695D1A360FF4004E6363 /* main.m in Sources */ = {isa = PBXBuildFile; fileRef = 645B695C1A360FF4004E6363 /* main.m */; };
		645B69601A360FF4004E6363 /* AppDelegate.m in Sources */ = {isa = PBXBuildFile; fileRef = 645B695F1A360FF4004E6363 /* AppDelegate.m */; };
		645B69631A360FF4004E6363 /* ViewController.m in Sources */ = {isa = PBXBuildFile; fileRef = 645B69621A360FF4004E6363 /* ViewController.m */; };
		645B69661A360FF4004E6363 /* Main.storyboard in Resources */ = {isa = PBXBuildFile; fileRef = 645B69641A360FF4004E6363 /* Main.storyboard */; };
		645B69681A360FF4004E6363 /* Images.xcassets in Resources */ = {isa = PBXBuildFile; fileRef = 645B69671A360FF4004E6363 /* Images.xcassets */; };
		645B696B1A360FF4004E6363 /* LaunchScreen.xib in Resources */ = {isa = PBXBuildFile; fileRef = 645B69691A360FF4004E6363 /* LaunchScreen.xib */; };
		645B69771A360FF4004E6363 /* Iran_WeatherTests.m in Sources */ = {isa = PBXBuildFile; fileRef = 645B69761A360FF4004E6363 /* Iran_WeatherTests.m */; };
		645B69821A3611E4004E6363 /* LaunchScreen.m in Sources */ = {isa = PBXBuildFile; fileRef = 645B69811A3611E4004E6363 /* LaunchScreen.m */; };
		645B698E1A361358004E6363 /* PFGoldenSectionSpiral.m in Sources */ = {isa = PBXBuildFile; fileRef = 645B69871A361358004E6363 /* PFGoldenSectionSpiral.m */; };
		645B698F1A361358004E6363 /* ZYQSphereView.m in Sources */ = {isa = PBXBuildFile; fileRef = 645B698D1A361358004E6363 /* ZYQSphereView.m */; };
		645B69911A361825004E6363 /* Foundation.framework in Frameworks */ = {isa = PBXBuildFile; fileRef = 645B69901A361825004E6363 /* Foundation.framework */; };
		645B69931A361836004E6363 /* UIKit.framework in Frameworks */ = {isa = PBXBuildFile; fileRef = 645B69921A361836004E6363 /* UIKit.framework */; };
		645B69951A361849004E6363 /* CoreGraphics.framework in Frameworks */ = {isa = PBXBuildFile; fileRef = 645B69941A361849004E6363 /* CoreGraphics.framework */; };
		645B699B1A3622E9004E6363 /* Gradient.m in Sources */ = {isa = PBXBuildFile; fileRef = 645B699A1A3622E9004E6363 /* Gradient.m */; };
		645B69A01A36562A004E6363 /* Climacons.ttf in Resources */ = {isa = PBXBuildFile; fileRef = 645B699F1A36562A004E6363 /* Climacons.ttf */; };
/* End PBXBuildFile section */

/* Begin PBXContainerItemProxy section */
		645B69711A360FF4004E6363 /* PBXContainerItemProxy */ = {
			isa = PBXContainerItemProxy;
			containerPortal = 645B694F1A360FF4004E6363 /* Project object */;
			proxyType = 1;
			remoteGlobalIDString = 645B69561A360FF4004E6363;
			remoteInfo = "Iran Weather";
		};
/* End PBXContainerItemProxy section */

/* Begin PBXFileReference section */
		645B69571A360FF4004E6363 /* Iran Weather.app */ = {isa = PBXFileReference; explicitFileType = wrapper.application; includeInIndex = 0; path = "Iran Weather.app"; sourceTree = BUILT_PRODUCTS_DIR; };
		645B695B1A360FF4004E6363 /* Info.plist */ = {isa = PBXFileReference; lastKnownFileType = text.plist.xml; path = Info.plist; sourceTree = "<group>"; };
		645B695C1A360FF4004E6363 /* main.m */ = {isa = PBXFileReference; lastKnownFileType = sourcecode.c.objc; path = main.m; sourceTree = "<group>"; };
		645B695E1A360FF4004E6363 /* AppDelegate.h */ = {isa = PBXFileReference; lastKnownFileType = sourcecode.c.h; path = AppDelegate.h; sourceTree = "<group>"; };
		645B695F1A360FF4004E6363 /* AppDelegate.m */ = {isa = PBXFileReference; lastKnownFileType = sourcecode.c.objc; path = AppDelegate.m; sourceTree = "<group>"; };
		645B69611A360FF4004E6363 /* ViewController.h */ = {isa = PBXFileReference; lastKnownFileType = sourcecode.c.h; path = ViewController.h; sourceTree = "<group>"; };
		645B69621A360FF4004E6363 /* ViewController.m */ = {isa = PBXFileReference; lastKnownFileType = sourcecode.c.objc; path = ViewController.m; sourceTree = "<group>"; };
		645B69651A360FF4004E6363 /* Base */ = {isa = PBXFileReference; lastKnownFileType = file.storyboard; name = Base; path = Base.lproj/Main.storyboard; sourceTree = "<group>"; };
		645B69671A360FF4004E6363 /* Images.xcassets */ = {isa = PBXFileReference; lastKnownFileType = folder.assetcatalog; path = Images.xcassets; sourceTree = "<group>"; };
		645B696A1A360FF4004E6363 /* Base */ = {isa = PBXFileReference; lastKnownFileType = file.xib; name = Base; path = Base.lproj/LaunchScreen.xib; sourceTree = "<group>"; };
		645B69701A360FF4004E6363 /* Iran WeatherTests.xctest */ = {isa = PBXFileReference; explicitFileType = wrapper.cfbundle; includeInIndex = 0; path = "Iran WeatherTests.xctest"; sourceTree = BUILT_PRODUCTS_DIR; };
		645B69751A360FF4004E6363 /* Info.plist */ = {isa = PBXFileReference; lastKnownFileType = text.plist.xml; path = Info.plist; sourceTree = "<group>"; };
		645B69761A360FF4004E6363 /* Iran_WeatherTests.m */ = {isa = PBXFileReference; lastKnownFileType = sourcecode.c.objc; path = Iran_WeatherTests.m; sourceTree = "<group>"; };
		645B69801A3611E4004E6363 /* LaunchScreen.h */ = {isa = PBXFileReference; fileEncoding = 4; lastKnownFileType = sourcecode.c.h; path = LaunchScreen.h; sourceTree = "<group>"; };
		645B69811A3611E4004E6363 /* LaunchScreen.m */ = {isa = PBXFileReference; fileEncoding = 4; lastKnownFileType = sourcecode.c.objc; path = LaunchScreen.m; sourceTree = "<group>"; };
		645B69851A361358004E6363 /* PFAxisDirection.h */ = {isa = PBXFileReference; fileEncoding = 4; lastKnownFileType = sourcecode.c.h; path = PFAxisDirection.h; sourceTree = "<group>"; };
		645B69861A361358004E6363 /* PFGoldenSectionSpiral.h */ = {isa = PBXFileReference; fileEncoding = 4; lastKnownFileType = sourcecode.c.h; path = PFGoldenSectionSpiral.h; sourceTree = "<group>"; };
		645B69871A361358004E6363 /* PFGoldenSectionSpiral.m */ = {isa = PBXFileReference; fileEncoding = 4; lastKnownFileType = sourcecode.c.objc; path = PFGoldenSectionSpiral.m; sourceTree = "<group>"; };
		645B69881A361358004E6363 /* PFMatrix.h */ = {isa = PBXFileReference; fileEncoding = 4; lastKnownFileType = sourcecode.c.h; path = PFMatrix.h; sourceTree = "<group>"; };
		645B69891A361358004E6363 /* PFMatrixTransform.h */ = {isa = PBXFileReference; fileEncoding = 4; lastKnownFileType = sourcecode.c.h; path = PFMatrixTransform.h; sourceTree = "<group>"; };
		645B698A1A361358004E6363 /* PFPoint.h */ = {isa = PBXFileReference; fileEncoding = 4; lastKnownFileType = sourcecode.c.h; path = PFPoint.h; sourceTree = "<group>"; };
		645B698B1A361358004E6363 /* PFRadian.h */ = {isa = PBXFileReference; fileEncoding = 4; lastKnownFileType = sourcecode.c.h; path = PFRadian.h; sourceTree = "<group>"; };
		645B698C1A361358004E6363 /* ZYQSphereView.h */ = {isa = PBXFileReference; fileEncoding = 4; lastKnownFileType = sourcecode.c.h; path = ZYQSphereView.h; sourceTree = "<group>"; };
		645B698D1A361358004E6363 /* ZYQSphereView.m */ = {isa = PBXFileReference; fileEncoding = 4; lastKnownFileType = sourcecode.c.objc; path = ZYQSphereView.m; sourceTree = "<group>"; };
		645B69901A361825004E6363 /* Foundation.framework */ = {isa = PBXFileReference; lastKnownFileType = wrapper.framework; name = Foundation.framework; path = System/Library/Frameworks/Foundation.framework; sourceTree = SDKROOT; };
		645B69921A361836004E6363 /* UIKit.framework */ = {isa = PBXFileReference; lastKnownFileType = wrapper.framework; name = UIKit.framework; path = System/Library/Frameworks/UIKit.framework; sourceTree = SDKROOT; };
		645B69941A361849004E6363 /* CoreGraphics.framework */ = {isa = PBXFileReference; lastKnownFileType = wrapper.framework; name = CoreGraphics.framework; path = System/Library/Frameworks/CoreGraphics.framework; sourceTree = SDKROOT; };
		645B69971A361EEC004E6363 /* SphereView_Prefix.pch */ = {isa = PBXFileReference; fileEncoding = 4; lastKnownFileType = sourcecode.c.h; name = SphereView_Prefix.pch; path = "Iran Weather/SphereView_Prefix.pch"; sourceTree = SOURCE_ROOT; };
		645B69991A3622E9004E6363 /* Gradient.h */ = {isa = PBXFileReference; fileEncoding = 4; lastKnownFileType = sourcecode.c.h; path = Gradient.h; sourceTree = "<group>"; };
		645B699A1A3622E9004E6363 /* Gradient.m */ = {isa = PBXFileReference; fileEncoding = 4; lastKnownFileType = sourcecode.c.objc; path = Gradient.m; sourceTree = "<group>"; };
		645B699D1A3655E1004E6363 /* Climacons.h */ = {isa = PBXFileReference; fileEncoding = 4; lastKnownFileType = sourcecode.c.h; path = Climacons.h; sourceTree = "<group>"; };
		645B699F1A36562A004E6363 /* Climacons.ttf */ = {isa = PBXFileReference; lastKnownFileType = file; path = Climacons.ttf; sourceTree = "<group>"; };
/* End PBXFileReference section */

/* Begin PBXFrameworksBuildPhase section */
		645B69541A360FF4004E6363 /* Frameworks */ = {
			isa = PBXFrameworksBuildPhase;
			buildActionMask = 2147483647;
			files = (
				645B69951A361849004E6363 /* CoreGraphics.framework in Frameworks */,
				645B69931A361836004E6363 /* UIKit.framework in Frameworks */,
				645B69911A361825004E6363 /* Foundation.framework in Frameworks */,
			);
			runOnlyForDeploymentPostprocessing = 0;
		};
		645B696D1A360FF4004E6363 /* Frameworks */ = {
			isa = PBXFrameworksBuildPhase;
			buildActionMask = 2147483647;
			files = (
			);
			runOnlyForDeploymentPostprocessing = 0;
		};
/* End PBXFrameworksBuildPhase section */

/* Begin PBXGroup section */
		645B694E1A360FF4004E6363 = {
			isa = PBXGroup;
			children = (
				645B69591A360FF4004E6363 /* Iran Weather */,
				645B69731A360FF4004E6363 /* Iran WeatherTests */,
				645B69581A360FF4004E6363 /* Products */,
				645B69961A361892004E6363 /* Frameworks */,
			);
			sourceTree = "<group>";
		};
		645B69581A360FF4004E6363 /* Products */ = {
			isa = PBXGroup;
			children = (
				645B69571A360FF4004E6363 /* Iran Weather.app */,
				645B69701A360FF4004E6363 /* Iran WeatherTests.xctest */,
			);
			name = Products;
			sourceTree = "<group>";
		};
		645B69591A360FF4004E6363 /* Iran Weather */ = {
			isa = PBXGroup;
			children = (
				645B699E1A36562A004E6363 /* Fonts */,
				645B699C1A3655D6004E6363 /* Icons */,
				645B69981A362290004E6363 /* Graphic */,
				645B69841A361358004E6363 /* SphereView */,
				645B69831A36120B004E6363 /* LaunchScreen */,
				645B695E1A360FF4004E6363 /* AppDelegate.h */,
				645B695F1A360FF4004E6363 /* AppDelegate.m */,
				645B69611A360FF4004E6363 /* ViewController.h */,
				645B69621A360FF4004E6363 /* ViewController.m */,
				645B69641A360FF4004E6363 /* Main.storyboard */,
				645B69671A360FF4004E6363 /* Images.xcassets */,
				645B69691A360FF4004E6363 /* LaunchScreen.xib */,
				645B695A1A360FF4004E6363 /* Supporting Files */,
			);
			path = "Iran Weather";
			sourceTree = "<group>";
		};
		645B695A1A360FF4004E6363 /* Supporting Files */ = {
			isa = PBXGroup;
			children = (
				645B695B1A360FF4004E6363 /* Info.plist */,
				645B695C1A360FF4004E6363 /* main.m */,
			);
			name = "Supporting Files";
			sourceTree = "<group>";
		};
		645B69731A360FF4004E6363 /* Iran WeatherTests */ = {
			isa = PBXGroup;
			children = (
				645B69761A360FF4004E6363 /* Iran_WeatherTests.m */,
				645B69741A360FF4004E6363 /* Supporting Files */,
			);
			path = "Iran WeatherTests";
			sourceTree = "<group>";
		};
		645B69741A360FF4004E6363 /* Supporting Files */ = {
			isa = PBXGroup;
			children = (
				645B69751A360FF4004E6363 /* Info.plist */,
			);
			name = "Supporting Files";
			sourceTree = "<group>";
		};
		645B69831A36120B004E6363 /* LaunchScreen */ = {
			isa = PBXGroup;
			children = (
				645B69801A3611E4004E6363 /* LaunchScreen.h */,
				645B69811A3611E4004E6363 /* LaunchScreen.m */,
			);
			name = LaunchScreen;
			sourceTree = "<group>";
		};
		645B69841A361358004E6363 /* SphereView */ = {
			isa = PBXGroup;
			children = (
				645B69971A361EEC004E6363 /* SphereView_Prefix.pch */,
				645B69851A361358004E6363 /* PFAxisDirection.h */,
				645B69861A361358004E6363 /* PFGoldenSectionSpiral.h */,
				645B69871A361358004E6363 /* PFGoldenSectionSpiral.m */,
				645B69881A361358004E6363 /* PFMatrix.h */,
				645B69891A361358004E6363 /* PFMatrixTransform.h */,
				645B698A1A361358004E6363 /* PFPoint.h */,
				645B698B1A361358004E6363 /* PFRadian.h */,
				645B698C1A361358004E6363 /* ZYQSphereView.h */,
				645B698D1A361358004E6363 /* ZYQSphereView.m */,
			);
			path = SphereView;
			sourceTree = "<group>";
		};
		645B69961A361892004E6363 /* Frameworks */ = {
			isa = PBXGroup;
			children = (
				645B69941A361849004E6363 /* CoreGraphics.framework */,
				645B69921A361836004E6363 /* UIKit.framework */,
				645B69901A361825004E6363 /* Foundation.framework */,
			);
			name = Frameworks;
			sourceTree = "<group>";
		};
		645B69981A362290004E6363 /* Graphic */ = {
			isa = PBXGroup;
			children = (
				645B69991A3622E9004E6363 /* Gradient.h */,
				645B699A1A3622E9004E6363 /* Gradient.m */,
			);
			name = Graphic;
			sourceTree = "<group>";
		};
		645B699C1A3655D6004E6363 /* Icons */ = {
			isa = PBXGroup;
			children = (
				645B699D1A3655E1004E6363 /* Climacons.h */,
			);
			name = Icons;
			sourceTree = "<group>";
		};
		645B699E1A36562A004E6363 /* Fonts */ = {
			isa = PBXGroup;
			children = (
				645B699F1A36562A004E6363 /* Climacons.ttf */,
			);
			path = Fonts;
			sourceTree = "<group>";
		};
/* End PBXGroup section */

/* Begin PBXNativeTarget section */
		645B69561A360FF4004E6363 /* Iran Weather */ = {
			isa = PBXNativeTarget;
			buildConfigurationList = 645B697A1A360FF4004E6363 /* Build configuration list for PBXNativeTarget "Iran Weather" */;
			buildPhases = (
				645B69531A360FF4004E6363 /* Sources */,
				645B69541A360FF4004E6363 /* Frameworks */,
				645B69551A360FF4004E6363 /* Resources */,
			);
			buildRules = (
			);
			dependencies = (
			);
			name = "Iran Weather";
			productName = "Iran Weather";
			productReference = 645B69571A360FF4004E6363 /* Iran Weather.app */;
			productType = "com.apple.product-type.application";
		};
		645B696F1A360FF4004E6363 /* Iran WeatherTests */ = {
			isa = PBXNativeTarget;
			buildConfigurationList = 645B697D1A360FF4004E6363 /* Build configuration list for PBXNativeTarget "Iran WeatherTests" */;
			buildPhases = (
				645B696C1A360FF4004E6363 /* Sources */,
				645B696D1A360FF4004E6363 /* Frameworks */,
				645B696E1A360FF4004E6363 /* Resources */,
			);
			buildRules = (
			);
			dependencies = (
				645B69721A360FF4004E6363 /* PBXTargetDependency */,
			);
			name = "Iran WeatherTests";
			productName = "Iran WeatherTests";
			productReference = 645B69701A360FF4004E6363 /* Iran WeatherTests.xctest */;
			productType = "com.apple.product-type.bundle.unit-test";
		};
/* End PBXNativeTarget section */

/* Begin PBXProject section */
		645B694F1A360FF4004E6363 /* Project object */ = {
			isa = PBXProject;
			attributes = {
				LastUpgradeCheck = 0610;
				ORGANIZATIONNAME = aDb;
				TargetAttributes = {
					645B69561A360FF4004E6363 = {
						CreatedOnToolsVersion = 6.1;
						DevelopmentTeam = 2Y3WDQ97KT;
					};
					645B696F1A360FF4004E6363 = {
						CreatedOnToolsVersion = 6.1;
						TestTargetID = 645B69561A360FF4004E6363;
					};
				};
			};
			buildConfigurationList = 645B69521A360FF4004E6363 /* Build configuration list for PBXProject "Iran Weather" */;
			compatibilityVersion = "Xcode 3.2";
			developmentRegion = English;
			hasScannedForEncodings = 0;
			knownRegions = (
				en,
				Base,
			);
			mainGroup = 645B694E1A360FF4004E6363;
			productRefGroup = 645B69581A360FF4004E6363 /* Products */;
			projectDirPath = "";
			projectRoot = "";
			targets = (
				645B69561A360FF4004E6363 /* Iran Weather */,
				645B696F1A360FF4004E6363 /* Iran WeatherTests */,
			);
		};
/* End PBXProject section */

/* Begin PBXResourcesBuildPhase section */
		645B69551A360FF4004E6363 /* Resources */ = {
			isa = PBXResourcesBuildPhase;
			buildActionMask = 2147483647;
			files = (
				645B69661A360FF4004E6363 /* Main.storyboard in Resources */,
				645B696B1A360FF4004E6363 /* LaunchScreen.xib in Resources */,
				645B69A01A36562A004E6363 /* Climacons.ttf in Resources */,
				645B69681A360FF4004E6363 /* Images.xcassets in Resources */,
			);
			runOnlyForDeploymentPostprocessing = 0;
		};
		645B696E1A360FF4004E6363 /* Resources */ = {
			isa = PBXResourcesBuildPhase;
			buildActionMask = 2147483647;
			files = (
			);
			runOnlyForDeploymentPostprocessing = 0;
		};
/* End PBXResourcesBuildPhase section */

/* Begin PBXSourcesBuildPhase section */
		645B69531A360FF4004E6363 /* Sources */ = {
			isa = PBXSourcesBuildPhase;
			buildActionMask = 2147483647;
			files = (
				645B698F1A361358004E6363 /* ZYQSphereView.m in Sources */,
				645B698E1A361358004E6363 /* PFGoldenSectionSpiral.m in Sources */,
				645B69821A3611E4004E6363 /* LaunchScreen.m in Sources */,
				645B69631A360FF4004E6363 /* ViewController.m in Sources */,
				645B69601A360FF4004E6363 /* AppDelegate.m in Sources */,
				645B699B1A3622E9004E6363 /* Gradient.m in Sources */,
				645B695D1A360FF4004E6363 /* main.m in Sources */,
			);
			runOnlyForDeploymentPostprocessing = 0;
		};
		645B696C1A360FF4004E6363 /* Sources */ = {
			isa = PBXSourcesBuildPhase;
			buildActionMask = 2147483647;
			files = (
				645B69771A360FF4004E6363 /* Iran_WeatherTests.m in Sources */,
			);
			runOnlyForDeploymentPostprocessing = 0;
		};
/* End PBXSourcesBuildPhase section */

/* Begin PBXTargetDependency section */
		645B69721A360FF4004E6363 /* PBXTargetDependency */ = {
			isa = PBXTargetDependency;
			target = 645B69561A360FF4004E6363 /* Iran Weather */;
			targetProxy = 645B69711A360FF4004E6363 /* PBXContainerItemProxy */;
		};
/* End PBXTargetDependency section */

/* Begin PBXVariantGroup section */
		645B69641A360FF4004E6363 /* Main.storyboard */ = {
			isa = PBXVariantGroup;
			children = (
				645B69651A360FF4004E6363 /* Base */,
			);
			name = Main.storyboard;
			sourceTree = "<group>";
		};
		645B69691A360FF4004E6363 /* LaunchScreen.xib */ = {
			isa = PBXVariantGroup;
			children = (
				645B696A1A360FF4004E6363 /* Base */,
			);
			name = LaunchScreen.xib;
			sourceTree = "<group>";
		};
/* End PBXVariantGroup section */

/* Begin XCBuildConfiguration section */
		645B69781A360FF4004E6363 /* Debug */ = {
			isa = XCBuildConfiguration;
			buildSettings = {
				ALWAYS_SEARCH_USER_PATHS = NO;
				CLANG_CXX_LANGUAGE_STANDARD = "gnu++0x";
				CLANG_CXX_LIBRARY = "libc++";
				CLANG_ENABLE_MODULES = YES;
				CLANG_ENABLE_OBJC_ARC = YES;
				CLANG_WARN_BOOL_CONVERSION = YES;
				CLANG_WARN_CONSTANT_CONVERSION = YES;
				CLANG_WARN_DIRECT_OBJC_ISA_USAGE = YES_ERROR;
				CLANG_WARN_EMPTY_BODY = YES;
				CLANG_WARN_ENUM_CONVERSION = YES;
				CLANG_WARN_INT_CONVERSION = YES;
				CLANG_WARN_OBJC_ROOT_CLASS = YES_ERROR;
				CLANG_WARN_UNREACHABLE_CODE = YES;
				CLANG_WARN__DUPLICATE_METHOD_MATCH = YES;
				"CODE_SIGN_IDENTITY[sdk=iphoneos*]" = "iPhone Developer";
				COPY_PHASE_STRIP = NO;
				ENABLE_STRICT_OBJC_MSGSEND = YES;
				GCC_C_LANGUAGE_STANDARD = gnu99;
				GCC_DYNAMIC_NO_PIC = NO;
				GCC_OPTIMIZATION_LEVEL = 0;
				GCC_PREPROCESSOR_DEFINITIONS = (
					"DEBUG=1",
					"$(inherited)",
				);
				GCC_SYMBOLS_PRIVATE_EXTERN = NO;
				GCC_WARN_64_TO_32_BIT_CONVERSION = YES;
				GCC_WARN_ABOUT_RETURN_TYPE = YES_ERROR;
				GCC_WARN_UNDECLARED_SELECTOR = YES;
				GCC_WARN_UNINITIALIZED_AUTOS = YES_AGGRESSIVE;
				GCC_WARN_UNUSED_FUNCTION = YES;
				GCC_WARN_UNUSED_VARIABLE = YES;
				IPHONEOS_DEPLOYMENT_TARGET = 8.1;
				MTL_ENABLE_DEBUG_INFO = YES;
				ONLY_ACTIVE_ARCH = YES;
				SDKROOT = iphoneos;
				TARGETED_DEVICE_FAMILY = "1,2";
			};
			name = Debug;
		};
		645B69791A360FF4004E6363 /* Release */ = {
			isa = XCBuildConfiguration;
			buildSettings = {
				ALWAYS_SEARCH_USER_PATHS = NO;
				CLANG_CXX_LANGUAGE_STANDARD = "gnu++0x";
				CLANG_CXX_LIBRARY = "libc++";
				CLANG_ENABLE_MODULES = YES;
				CLANG_ENABLE_OBJC_ARC = YES;
				CLANG_WARN_BOOL_CONVERSION = YES;
				CLANG_WARN_CONSTANT_CONVERSION = YES;
				CLANG_WARN_DIRECT_OBJC_ISA_USAGE = YES_ERROR;
				CLANG_WARN_EMPTY_BODY = YES;
				CLANG_WARN_ENUM_CONVERSION = YES;
				CLANG_WARN_INT_CONVERSION = YES;
				CLANG_WARN_OBJC_ROOT_CLASS = YES_ERROR;
				CLANG_WARN_UNREACHABLE_CODE = YES;
				CLANG_WARN__DUPLICATE_METHOD_MATCH = YES;
				"CODE_SIGN_IDENTITY[sdk=iphoneos*]" = "iPhone Developer";
				COPY_PHASE_STRIP = YES;
				ENABLE_NS_ASSERTIONS = NO;
				ENABLE_STRICT_OBJC_MSGSEND = YES;
				GCC_C_LANGUAGE_STANDARD = gnu99;
				GCC_WARN_64_TO_32_BIT_CONVERSION = YES;
				GCC_WARN_ABOUT_RETURN_TYPE = YES_ERROR;
				GCC_WARN_UNDECLARED_SELECTOR = YES;
				GCC_WARN_UNINITIALIZED_AUTOS = YES_AGGRESSIVE;
				GCC_WARN_UNUSED_FUNCTION = YES;
				GCC_WARN_UNUSED_VARIABLE = YES;
				IPHONEOS_DEPLOYMENT_TARGET = 8.1;
				MTL_ENABLE_DEBUG_INFO = NO;
				SDKROOT = iphoneos;
				TARGETED_DEVICE_FAMILY = "1,2";
				VALIDATE_PRODUCT = YES;
			};
			name = Release;
		};
		645B697B1A360FF4004E6363 /* Debug */ = {
			isa = XCBuildConfiguration;
			buildSettings = {
				ASSETCATALOG_COMPILER_APPICON_NAME = AppIcon;
				CLANG_CXX_LANGUAGE_STANDARD = "compiler-default";
				CLANG_CXX_LIBRARY = "compiler-default";
				CLANG_ENABLE_OBJC_ARC = YES;
				CODE_SIGN_IDENTITY = "iPhone Developer";
				"CODE_SIGN_IDENTITY[sdk=iphoneos*]" = "iPhone Developer";
				GCC_C_LANGUAGE_STANDARD = c99;
				GCC_PRECOMPILE_PREFIX_HEADER = YES;
				GCC_PREFIX_HEADER = "Iran Weather/SphereView_Prefix.pch";
				INFOPLIST_FILE = "Iran Weather/Info.plist";
				IPHONEOS_DEPLOYMENT_TARGET = 7.0;
				LD_RUNPATH_SEARCH_PATHS = "$(inherited) @executable_path/Frameworks";
				PRODUCT_NAME = "$(TARGET_NAME)";
				PROVISIONING_PROFILE = "";
			};
			name = Debug;
		};
		645B697C1A360FF4004E6363 /* Release */ = {
			isa = XCBuildConfiguration;
			buildSettings = {
				ASSETCATALOG_COMPILER_APPICON_NAME = AppIcon;
				CLANG_CXX_LANGUAGE_STANDARD = "compiler-default";
				CLANG_CXX_LIBRARY = "compiler-default";
				CLANG_ENABLE_OBJC_ARC = YES;
				CODE_SIGN_IDENTITY = "iPhone Developer";
				"CODE_SIGN_IDENTITY[sdk=iphoneos*]" = "iPhone Developer";
				GCC_C_LANGUAGE_STANDARD = c99;
				GCC_PRECOMPILE_PREFIX_HEADER = YES;
				GCC_PREFIX_HEADER = "Iran Weather/SphereView_Prefix.pch";
				INFOPLIST_FILE = "Iran Weather/Info.plist";
				IPHONEOS_DEPLOYMENT_TARGET = 7.0;
				LD_RUNPATH_SEARCH_PATHS = "$(inherited) @executable_path/Frameworks";
				"OTHER_CFLAGS[arch=*]" = "-DNS_BLOCK_ASSERTIONS=1";
				PRODUCT_NAME = "$(TARGET_NAME)";
				PROVISIONING_PROFILE = "";
			};
			name = Release;
		};
		645B697E1A360FF4004E6363 /* Debug */ = {
			isa = XCBuildConfiguration;
			buildSettings = {
				BUNDLE_LOADER = "$(TEST_HOST)";
				FRAMEWORK_SEARCH_PATHS = (
					"$(SDKROOT)/Developer/Library/Frameworks",
					"$(inherited)",
				);
				GCC_PREPROCESSOR_DEFINITIONS = (
					"DEBUG=1",
					"$(inherited)",
				);
				INFOPLIST_FILE = "Iran WeatherTests/Info.plist";
				LD_RUNPATH_SEARCH_PATHS = "$(inherited) @executable_path/Frameworks @loader_path/Frameworks";
				PRODUCT_NAME = "$(TARGET_NAME)";
				TEST_HOST = "$(BUILT_PRODUCTS_DIR)/Iran Weather.app/Iran Weather";
			};
			name = Debug;
		};
		645B697F1A360FF4004E6363 /* Release */ = {
			isa = XCBuildConfiguration;
			buildSettings = {
				BUNDLE_LOADER = "$(TEST_HOST)";
				FRAMEWORK_SEARCH_PATHS = (
					"$(SDKROOT)/Developer/Library/Frameworks",
					"$(inherited)",
				);
				INFOPLIST_FILE = "Iran WeatherTests/Info.plist";
				LD_RUNPATH_SEARCH_PATHS = "$(inherited) @executable_path/Frameworks @loader_path/Frameworks";
				PRODUCT_NAME = "$(TARGET_NAME)";
				TEST_HOST = "$(BUILT_PRODUCTS_DIR)/Iran Weather.app/Iran Weather";
			};
			name = Release;
		};
/* End XCBuildConfiguration section */

/* Begin XCConfigurationList section */
		645B69521A360FF4004E6363 /* Build configuration list for PBXProject "Iran Weather" */ = {
			isa = XCConfigurationList;
			buildConfigurations = (
				645B69781A360FF4004E6363 /* Debug */,
				645B69791A360FF4004E6363 /* Release */,
			);
			defaultConfigurationIsVisible = 0;
			defaultConfigurationName = Release;
		};
		645B697A1A360FF4004E6363 /* Build configuration list for PBXNativeTarget "Iran Weather" */ = {
			isa = XCConfigurationList;
			buildConfigurations = (
				645B697B1A360FF4004E6363 /* Debug */,
				645B697C1A360FF4004E6363 /* Release */,
			);
			defaultConfigurationIsVisible = 0;
			defaultConfigurationName = Release;
		};
		645B697D1A360FF4004E6363 /* Build configuration list for PBXNativeTarget "Iran WeatherTests" */ = {
			isa = XCConfigurationList;
			buildConfigurations = (
				645B697E1A360FF4004E6363 /* Debug */,
				645B697F1A360FF4004E6363 /* Release */,
			);
			defaultConfigurationIsVisible = 0;
			defaultConfigurationName = Release;
		};
/* End XCConfigurationList section */
	};
	rootObject = 645B694F1A360FF4004E6363 /* Project object */;
}
