// !$*UTF8*$!
{
	archiveVersion = 1;
	classes = {
	};
	objectVersion = 46;
	objects = {

/* Begin PBXBuildFile section */
		6407DEB51A5B3D24007C215F /* 1.png in Resources */ = {isa = PBXBuildFile; fileRef = 6407DE9D1A5B3D24007C215F /* 1.png */; };
		6407DEB61A5B3D24007C215F /* 10.png in Resources */ = {isa = PBXBuildFile; fileRef = 6407DE9E1A5B3D24007C215F /* 10.png */; };
		6407DEB71A5B3D24007C215F /* 11.png in Resources */ = {isa = PBXBuildFile; fileRef = 6407DE9F1A5B3D24007C215F /* 11.png */; };
		6407DEB81A5B3D24007C215F /* 12.png in Resources */ = {isa = PBXBuildFile; fileRef = 6407DEA01A5B3D24007C215F /* 12.png */; };
		6407DEB91A5B3D24007C215F /* 13.png in Resources */ = {isa = PBXBuildFile; fileRef = 6407DEA11A5B3D24007C215F /* 13.png */; };
		6407DEBA1A5B3D24007C215F /* 14.png in Resources */ = {isa = PBXBuildFile; fileRef = 6407DEA21A5B3D24007C215F /* 14.png */; };
		6407DEBB1A5B3D24007C215F /* 15.png in Resources */ = {isa = PBXBuildFile; fileRef = 6407DEA31A5B3D24007C215F /* 15.png */; };
		6407DEBC1A5B3D24007C215F /* 16.png in Resources */ = {isa = PBXBuildFile; fileRef = 6407DEA41A5B3D24007C215F /* 16.png */; };
		6407DEBD1A5B3D24007C215F /* 17.png in Resources */ = {isa = PBXBuildFile; fileRef = 6407DEA51A5B3D24007C215F /* 17.png */; };
		6407DEBE1A5B3D24007C215F /* 18.png in Resources */ = {isa = PBXBuildFile; fileRef = 6407DEA61A5B3D24007C215F /* 18.png */; };
		6407DEBF1A5B3D24007C215F /* 19.png in Resources */ = {isa = PBXBuildFile; fileRef = 6407DEA71A5B3D24007C215F /* 19.png */; };
		6407DEC01A5B3D24007C215F /* 2.png in Resources */ = {isa = PBXBuildFile; fileRef = 6407DEA81A5B3D24007C215F /* 2.png */; };
		6407DEC11A5B3D24007C215F /* 20.png in Resources */ = {isa = PBXBuildFile; fileRef = 6407DEA91A5B3D24007C215F /* 20.png */; };
		6407DEC21A5B3D24007C215F /* 21.png in Resources */ = {isa = PBXBuildFile; fileRef = 6407DEAA1A5B3D24007C215F /* 21.png */; };
		6407DEC31A5B3D24007C215F /* 22.png in Resources */ = {isa = PBXBuildFile; fileRef = 6407DEAB1A5B3D24007C215F /* 22.png */; };
		6407DEC41A5B3D24007C215F /* 23.png in Resources */ = {isa = PBXBuildFile; fileRef = 6407DEAC1A5B3D24007C215F /* 23.png */; };
		6407DEC51A5B3D24007C215F /* 24.png in Resources */ = {isa = PBXBuildFile; fileRef = 6407DEAD1A5B3D24007C215F /* 24.png */; };
		6407DEC61A5B3D24007C215F /* 3.png in Resources */ = {isa = PBXBuildFile; fileRef = 6407DEAE1A5B3D24007C215F /* 3.png */; };
		6407DEC71A5B3D24007C215F /* 4.png in Resources */ = {isa = PBXBuildFile; fileRef = 6407DEAF1A5B3D24007C215F /* 4.png */; };
		6407DEC81A5B3D24007C215F /* 5.png in Resources */ = {isa = PBXBuildFile; fileRef = 6407DEB01A5B3D24007C215F /* 5.png */; };
		6407DEC91A5B3D24007C215F /* 6.png in Resources */ = {isa = PBXBuildFile; fileRef = 6407DEB11A5B3D24007C215F /* 6.png */; };
		6407DECA1A5B3D24007C215F /* 7.png in Resources */ = {isa = PBXBuildFile; fileRef = 6407DEB21A5B3D24007C215F /* 7.png */; };
		6407DECB1A5B3D24007C215F /* 8.png in Resources */ = {isa = PBXBuildFile; fileRef = 6407DEB31A5B3D24007C215F /* 8.png */; };
		6407DECC1A5B3D24007C215F /* 9.png in Resources */ = {isa = PBXBuildFile; fileRef = 6407DEB41A5B3D24007C215F /* 9.png */; };
		641F849E1A5AD3AE0067DE7C /* RainFall.m in Sources */ = {isa = PBXBuildFile; fileRef = 641F849D1A5AD3AE0067DE7C /* RainFall.m */; };
		641F84A01A5AD6F70067DE7C /* rain.png in Resources */ = {isa = PBXBuildFile; fileRef = 641F849F1A5AD6F70067DE7C /* rain.png */; };
		642C16701A5C016E00BA8BD0 /* spark.png in Resources */ = {isa = PBXBuildFile; fileRef = 642C166F1A5C016E00BA8BD0 /* spark.png */; };
		64428B021A557A5500CAA878 /* SnowFall.m in Sources */ = {isa = PBXBuildFile; fileRef = 64428B011A557A5500CAA878 /* SnowFall.m */; };
		64428B051A5581B500CAA878 /* SKEmitterNode+Utilities.m in Sources */ = {isa = PBXBuildFile; fileRef = 64428B041A5581B500CAA878 /* SKEmitterNode+Utilities.m */; };
		64428B071A55834100CAA878 /* CoreMotion.framework in Frameworks */ = {isa = PBXBuildFile; fileRef = 64428B061A55834100CAA878 /* CoreMotion.framework */; };
		64428B091A55834900CAA878 /* SpriteKit.framework in Frameworks */ = {isa = PBXBuildFile; fileRef = 64428B081A55834900CAA878 /* SpriteKit.framework */; };
		6454A0C21A449C7600573F74 /* PagingScrollView.m in Sources */ = {isa = PBXBuildFile; fileRef = 6454A0C11A449C7600573F74 /* PagingScrollView.m */; };
		6454A0C51A449DA700573F74 /* WeatherView.m in Sources */ = {isa = PBXBuildFile; fileRef = 6454A0C41A449DA700573F74 /* WeatherView.m */; };
		6454A0CA1A44A20A00573F74 /* NSString+Substring.m in Sources */ = {isa = PBXBuildFile; fileRef = 6454A0C71A44A20A00573F74 /* NSString+Substring.m */; };
		6454A0CB1A44A20A00573F74 /* UIImage+ImageEffects.m in Sources */ = {isa = PBXBuildFile; fileRef = 6454A0C91A44A20A00573F74 /* UIImage+ImageEffects.m */; };
		6454A0CE1A44AF2B00573F74 /* AddLocationViewController.m in Sources */ = {isa = PBXBuildFile; fileRef = 6454A0CD1A44AF2B00573F74 /* AddLocationViewController.m */; };
		6454A0D11A44C2DB00573F74 /* SettingsViewController.m in Sources */ = {isa = PBXBuildFile; fileRef = 6454A0D01A44C2DB00573F74 /* SettingsViewController.m */; };
		6454A0F41A45897800573F74 /* DBManager.m in Sources */ = {isa = PBXBuildFile; fileRef = 6454A0E81A45897800573F74 /* DBManager.m */; };
		6454A0F51A45897800573F74 /* FMDatabase.m in Sources */ = {isa = PBXBuildFile; fileRef = 6454A0EB1A45897800573F74 /* FMDatabase.m */; };
		6454A0F61A45897800573F74 /* FMDatabaseAdditions.m in Sources */ = {isa = PBXBuildFile; fileRef = 6454A0ED1A45897800573F74 /* FMDatabaseAdditions.m */; };
		6454A0F71A45897800573F74 /* FMDatabasePool.m in Sources */ = {isa = PBXBuildFile; fileRef = 6454A0EF1A45897800573F74 /* FMDatabasePool.m */; };
		6454A0F81A45897800573F74 /* FMDatabaseQueue.m in Sources */ = {isa = PBXBuildFile; fileRef = 6454A0F11A45897800573F74 /* FMDatabaseQueue.m */; };
		6454A0F91A45897800573F74 /* FMResultSet.m in Sources */ = {isa = PBXBuildFile; fileRef = 6454A0F31A45897800573F74 /* FMResultSet.m */; };
		6454A0FC1A4589D300573F74 /* Settings.m in Sources */ = {isa = PBXBuildFile; fileRef = 6454A0FB1A4589D300573F74 /* Settings.m */; };
		6454A0FE1A458E2500573F74 /* libsqlite3.dylib in Frameworks */ = {isa = PBXBuildFile; fileRef = 6454A0FD1A458E2500573F74 /* libsqlite3.dylib */; };
		6454A1011A4598AB00573F74 /* StateManager.m in Sources */ = {isa = PBXBuildFile; fileRef = 6454A1001A4598AB00573F74 /* StateManager.m */; };
		645B695D1A360FF4004E6363 /* main.m in Sources */ = {isa = PBXBuildFile; fileRef = 645B695C1A360FF4004E6363 /* main.m */; };
		645B69601A360FF4004E6363 /* AppDelegate.m in Sources */ = {isa = PBXBuildFile; fileRef = 645B695F1A360FF4004E6363 /* AppDelegate.m */; };
		645B69661A360FF4004E6363 /* Main.storyboard in Resources */ = {isa = PBXBuildFile; fileRef = 645B69641A360FF4004E6363 /* Main.storyboard */; };
		645B69681A360FF4004E6363 /* Images.xcassets in Resources */ = {isa = PBXBuildFile; fileRef = 645B69671A360FF4004E6363 /* Images.xcassets */; };
		645B69771A360FF4004E6363 /* Irimo_WeatherTests.m in Sources */ = {isa = PBXBuildFile; fileRef = 645B69761A360FF4004E6363 /* Irimo_WeatherTests.m */; };
		645B69821A3611E4004E6363 /* LaunchScreen.m in Sources */ = {isa = PBXBuildFile; fileRef = 645B69811A3611E4004E6363 /* LaunchScreen.m */; };
		645B698E1A361358004E6363 /* PFGoldenSectionSpiral.m in Sources */ = {isa = PBXBuildFile; fileRef = 645B69871A361358004E6363 /* PFGoldenSectionSpiral.m */; };
		645B698F1A361358004E6363 /* ZYQSphereView.m in Sources */ = {isa = PBXBuildFile; fileRef = 645B698D1A361358004E6363 /* ZYQSphereView.m */; };
		645B69911A361825004E6363 /* Foundation.framework in Frameworks */ = {isa = PBXBuildFile; fileRef = 645B69901A361825004E6363 /* Foundation.framework */; };
		645B69931A361836004E6363 /* UIKit.framework in Frameworks */ = {isa = PBXBuildFile; fileRef = 645B69921A361836004E6363 /* UIKit.framework */; };
		645B69951A361849004E6363 /* CoreGraphics.framework in Frameworks */ = {isa = PBXBuildFile; fileRef = 645B69941A361849004E6363 /* CoreGraphics.framework */; };
		645B699B1A3622E9004E6363 /* Gradient.m in Sources */ = {isa = PBXBuildFile; fileRef = 645B699A1A3622E9004E6363 /* Gradient.m */; };
		645B69A01A36562A004E6363 /* Climacons.ttf in Resources */ = {isa = PBXBuildFile; fileRef = 645B699F1A36562A004E6363 /* Climacons.ttf */; };
		645FB1321A5AB20D00FBCB36 /* PendulumView.m in Sources */ = {isa = PBXBuildFile; fileRef = 64DBF78C1A4C54B500589D1F /* PendulumView.m */; };
		64695C321A434F18007F2732 /* JCDHTTPConnection.m in Sources */ = {isa = PBXBuildFile; fileRef = 64695C311A434F18007F2732 /* JCDHTTPConnection.m */; };
		647DE7331A42E57F0009D24A /* MainViewController.m in Sources */ = {isa = PBXBuildFile; fileRef = 647DE7321A42E57F0009D24A /* MainViewController.m */; };
		648E1BB51A586321005F222C /* cities.xml in Resources */ = {isa = PBXBuildFile; fileRef = 648E1BB41A586321005F222C /* cities.xml */; };
		648E7F7A1A53408E00F1CD6F /* CHTumblrMenuView.m in Sources */ = {isa = PBXBuildFile; fileRef = 648E7F791A53408E00F1CD6F /* CHTumblrMenuView.m */; };
		648E7F7F1A5349D300F1CD6F /* about.png in Resources */ = {isa = PBXBuildFile; fileRef = 648E7F7B1A5349D300F1CD6F /* about.png */; };
		648E7F801A5349D300F1CD6F /* menu.png in Resources */ = {isa = PBXBuildFile; fileRef = 648E7F7C1A5349D300F1CD6F /* menu.png */; };
		648E7F811A5349D300F1CD6F /* setting.png in Resources */ = {isa = PBXBuildFile; fileRef = 648E7F7D1A5349D300F1CD6F /* setting.png */; };
		648E7F821A5349D300F1CD6F /* warning.png in Resources */ = {isa = PBXBuildFile; fileRef = 648E7F7E1A5349D300F1CD6F /* warning.png */; };
		648E7F861A535A4500F1CD6F /* RNFrostedSidebar.m in Sources */ = {isa = PBXBuildFile; fileRef = 648E7F851A535A4500F1CD6F /* RNFrostedSidebar.m */; };
		648E7F921A5361D300F1CD6F /* APPaginalContainerView.m in Sources */ = {isa = PBXBuildFile; fileRef = 648E7F8A1A5361D300F1CD6F /* APPaginalContainerView.m */; };
		648E7F931A5361D300F1CD6F /* APPaginalContainerViewPage.m in Sources */ = {isa = PBXBuildFile; fileRef = 648E7F8C1A5361D300F1CD6F /* APPaginalContainerViewPage.m */; };
		648E7F941A5361D300F1CD6F /* APPaginalTableView.m in Sources */ = {isa = PBXBuildFile; fileRef = 648E7F8F1A5361D300F1CD6F /* APPaginalTableView.m */; };
		648E7F951A5361D300F1CD6F /* APPaginalTableViewElement.m in Sources */ = {isa = PBXBuildFile; fileRef = 648E7F911A5361D300F1CD6F /* APPaginalTableViewElement.m */; };
		648E7F981A53632600F1CD6F /* WarningsViewController.m in Sources */ = {isa = PBXBuildFile; fileRef = 648E7F971A53632600F1CD6F /* WarningsViewController.m */; };
		648E7FA01A537F8400F1CD6F /* btn_close_normal.png in Resources */ = {isa = PBXBuildFile; fileRef = 648E7F9A1A537F8400F1CD6F /* btn_close_normal.png */; };
		648E7FA11A537F8400F1CD6F /* btn_close_normal@2x.png in Resources */ = {isa = PBXBuildFile; fileRef = 648E7F9B1A537F8400F1CD6F /* btn_close_normal@2x.png */; };
		648E7FA21A537F8400F1CD6F /* btn_close_selected.png in Resources */ = {isa = PBXBuildFile; fileRef = 648E7F9C1A537F8400F1CD6F /* btn_close_selected.png */; };
		648E7FA31A537F8400F1CD6F /* btn_close_selected@2x.png in Resources */ = {isa = PBXBuildFile; fileRef = 648E7F9D1A537F8400F1CD6F /* btn_close_selected@2x.png */; };
		648E7FA41A537F8400F1CD6F /* DXAlertView.m in Sources */ = {isa = PBXBuildFile; fileRef = 648E7F9F1A537F8400F1CD6F /* DXAlertView.m */; };
		648E7FA71A5380ED00F1CD6F /* Reachability.m in Sources */ = {isa = PBXBuildFile; fileRef = 648E7FA61A5380ED00F1CD6F /* Reachability.m */; };
		648E7FA91A5387BC00F1CD6F /* MessageUI.framework in Frameworks */ = {isa = PBXBuildFile; fileRef = 648E7FA81A5387BC00F1CD6F /* MessageUI.framework */; };
		648E7FAD1A53F03E00F1CD6F /* weatherLogo.png in Resources */ = {isa = PBXBuildFile; fileRef = 648E7FAC1A53F03E00F1CD6F /* weatherLogo.png */; };
		648E7FB01A53F3ED00F1CD6F /* AboutViewController.m in Sources */ = {isa = PBXBuildFile; fileRef = 648E7FAF1A53F3ED00F1CD6F /* AboutViewController.m */; };
		64CFD1C41A50C2C500EF2067 /* cityLocations.plist in Resources */ = {isa = PBXBuildFile; fileRef = 64CFD1C31A50C2C500EF2067 /* cityLocations.plist */; };
		64CFD1C71A51653800EF2067 /* UIView+AutoLayout.m in Sources */ = {isa = PBXBuildFile; fileRef = 64CFD1C61A51653800EF2067 /* UIView+AutoLayout.m */; };
		64DBF7871A4B49BC00589D1F /* MainImage.png in Resources */ = {isa = PBXBuildFile; fileRef = 64DBF7861A4B49BB00589D1F /* MainImage.png */; };
		64DBF7891A4B916100589D1F /* elipse.png in Resources */ = {isa = PBXBuildFile; fileRef = 64DBF7881A4B916100589D1F /* elipse.png */; };
		64E0D1F91A40AE41001D9CED /* WeatherData.m in Sources */ = {isa = PBXBuildFile; fileRef = 64E0D1F81A40AE41001D9CED /* WeatherData.m */; };
		64E0D1FE1A40AF6C001D9CED /* MKPersianFont.m in Sources */ = {isa = PBXBuildFile; fileRef = 64E0D1FD1A40AF6C001D9CED /* MKPersianFont.m */; };
		64E0D2001A40B06B001D9CED /* koodak.ttf in Resources */ = {isa = PBXBuildFile; fileRef = 64E0D1FF1A40B06B001D9CED /* koodak.ttf */; };
		64E0D2021A40B124001D9CED /* QuartzCore.framework in Frameworks */ = {isa = PBXBuildFile; fileRef = 64E0D2011A40B124001D9CED /* QuartzCore.framework */; };
		64E0D2041A40B13B001D9CED /* CoreText.framework in Frameworks */ = {isa = PBXBuildFile; fileRef = 64E0D2031A40B13B001D9CED /* CoreText.framework */; };
		64E0D2061A40B51C001D9CED /* CoreLocation.framework in Frameworks */ = {isa = PBXBuildFile; fileRef = 64E0D2051A40B51C001D9CED /* CoreLocation.framework */; };
		64E0D2081A40B52F001D9CED /* MapKit.framework in Frameworks */ = {isa = PBXBuildFile; fileRef = 64E0D2071A40B52F001D9CED /* MapKit.framework */; };
		64E0D20A1A40B53C001D9CED /* SystemConfiguration.framework in Frameworks */ = {isa = PBXBuildFile; fileRef = 64E0D2091A40B53C001D9CED /* SystemConfiguration.framework */; };
		64E0D20C1A40B548001D9CED /* MobileCoreServices.framework in Frameworks */ = {isa = PBXBuildFile; fileRef = 64E0D20B1A40B548001D9CED /* MobileCoreServices.framework */; };
		64E0D20F1A40B854001D9CED /* DataDownloader.m in Sources */ = {isa = PBXBuildFile; fileRef = 64E0D20E1A40B854001D9CED /* DataDownloader.m */; };
		64E0D2121A40D1EF001D9CED /* XMLReader.m in Sources */ = {isa = PBXBuildFile; fileRef = 64E0D2111A40D1EF001D9CED /* XMLReader.m */; };
/* End PBXBuildFile section */

/* Begin PBXContainerItemProxy section */
		643D04E71A5AB2C500F6AB47 /* PBXContainerItemProxy */ = {
			isa = PBXContainerItemProxy;
			containerPortal = 645B694F1A360FF4004E6363 /* Project object */;
			proxyType = 1;
			remoteGlobalIDString = 645B69561A360FF4004E6363;
			remoteInfo = "Irimo Weather";
		};
/* End PBXContainerItemProxy section */

/* Begin PBXFileReference section */
		6407DE9D1A5B3D24007C215F /* 1.png */ = {isa = PBXFileReference; lastKnownFileType = image.png; path = 1.png; sourceTree = "<group>"; };
		6407DE9E1A5B3D24007C215F /* 10.png */ = {isa = PBXFileReference; lastKnownFileType = image.png; path = 10.png; sourceTree = "<group>"; };
		6407DE9F1A5B3D24007C215F /* 11.png */ = {isa = PBXFileReference; lastKnownFileType = image.png; path = 11.png; sourceTree = "<group>"; };
		6407DEA01A5B3D24007C215F /* 12.png */ = {isa = PBXFileReference; lastKnownFileType = image.png; path = 12.png; sourceTree = "<group>"; };
		6407DEA11A5B3D24007C215F /* 13.png */ = {isa = PBXFileReference; lastKnownFileType = image.png; path = 13.png; sourceTree = "<group>"; };
		6407DEA21A5B3D24007C215F /* 14.png */ = {isa = PBXFileReference; lastKnownFileType = image.png; path = 14.png; sourceTree = "<group>"; };
		6407DEA31A5B3D24007C215F /* 15.png */ = {isa = PBXFileReference; lastKnownFileType = image.png; path = 15.png; sourceTree = "<group>"; };
		6407DEA41A5B3D24007C215F /* 16.png */ = {isa = PBXFileReference; lastKnownFileType = image.png; path = 16.png; sourceTree = "<group>"; };
		6407DEA51A5B3D24007C215F /* 17.png */ = {isa = PBXFileReference; lastKnownFileType = image.png; path = 17.png; sourceTree = "<group>"; };
		6407DEA61A5B3D24007C215F /* 18.png */ = {isa = PBXFileReference; lastKnownFileType = image.png; path = 18.png; sourceTree = "<group>"; };
		6407DEA71A5B3D24007C215F /* 19.png */ = {isa = PBXFileReference; lastKnownFileType = image.png; path = 19.png; sourceTree = "<group>"; };
		6407DEA81A5B3D24007C215F /* 2.png */ = {isa = PBXFileReference; lastKnownFileType = image.png; path = 2.png; sourceTree = "<group>"; };
		6407DEA91A5B3D24007C215F /* 20.png */ = {isa = PBXFileReference; lastKnownFileType = image.png; path = 20.png; sourceTree = "<group>"; };
		6407DEAA1A5B3D24007C215F /* 21.png */ = {isa = PBXFileReference; lastKnownFileType = image.png; path = 21.png; sourceTree = "<group>"; };
		6407DEAB1A5B3D24007C215F /* 22.png */ = {isa = PBXFileReference; lastKnownFileType = image.png; path = 22.png; sourceTree = "<group>"; };
		6407DEAC1A5B3D24007C215F /* 23.png */ = {isa = PBXFileReference; lastKnownFileType = image.png; path = 23.png; sourceTree = "<group>"; };
		6407DEAD1A5B3D24007C215F /* 24.png */ = {isa = PBXFileReference; lastKnownFileType = image.png; path = 24.png; sourceTree = "<group>"; };
		6407DEAE1A5B3D24007C215F /* 3.png */ = {isa = PBXFileReference; lastKnownFileType = image.png; path = 3.png; sourceTree = "<group>"; };
		6407DEAF1A5B3D24007C215F /* 4.png */ = {isa = PBXFileReference; lastKnownFileType = image.png; path = 4.png; sourceTree = "<group>"; };
		6407DEB01A5B3D24007C215F /* 5.png */ = {isa = PBXFileReference; lastKnownFileType = image.png; path = 5.png; sourceTree = "<group>"; };
		6407DEB11A5B3D24007C215F /* 6.png */ = {isa = PBXFileReference; lastKnownFileType = image.png; path = 6.png; sourceTree = "<group>"; };
		6407DEB21A5B3D24007C215F /* 7.png */ = {isa = PBXFileReference; lastKnownFileType = image.png; path = 7.png; sourceTree = "<group>"; };
		6407DEB31A5B3D24007C215F /* 8.png */ = {isa = PBXFileReference; lastKnownFileType = image.png; path = 8.png; sourceTree = "<group>"; };
		6407DEB41A5B3D24007C215F /* 9.png */ = {isa = PBXFileReference; lastKnownFileType = image.png; path = 9.png; sourceTree = "<group>"; };
		6416F26E1A5606EF00733A1A /* UConstants.h */ = {isa = PBXFileReference; fileEncoding = 4; lastKnownFileType = sourcecode.c.h; path = UConstants.h; sourceTree = "<group>"; };
		641F849C1A5AD3AE0067DE7C /* RainFall.h */ = {isa = PBXFileReference; fileEncoding = 4; lastKnownFileType = sourcecode.c.h; name = RainFall.h; path = Views/RainFall.h; sourceTree = "<group>"; };
		641F849D1A5AD3AE0067DE7C /* RainFall.m */ = {isa = PBXFileReference; fileEncoding = 4; lastKnownFileType = sourcecode.c.objc; name = RainFall.m; path = Views/RainFall.m; sourceTree = "<group>"; };
		641F849F1A5AD6F70067DE7C /* rain.png */ = {isa = PBXFileReference; lastKnownFileType = image.png; path = rain.png; sourceTree = "<group>"; };
		642C166F1A5C016E00BA8BD0 /* spark.png */ = {isa = PBXFileReference; lastKnownFileType = image.png; path = spark.png; sourceTree = "<group>"; };
		64428B001A557A5500CAA878 /* SnowFall.h */ = {isa = PBXFileReference; fileEncoding = 4; lastKnownFileType = sourcecode.c.h; name = SnowFall.h; path = Views/SnowFall.h; sourceTree = "<group>"; };
		64428B011A557A5500CAA878 /* SnowFall.m */ = {isa = PBXFileReference; fileEncoding = 4; lastKnownFileType = sourcecode.c.objc; name = SnowFall.m; path = Views/SnowFall.m; sourceTree = "<group>"; };
		64428B031A5581B500CAA878 /* SKEmitterNode+Utilities.h */ = {isa = PBXFileReference; fileEncoding = 4; lastKnownFileType = sourcecode.c.h; path = "SKEmitterNode+Utilities.h"; sourceTree = "<group>"; };
		64428B041A5581B500CAA878 /* SKEmitterNode+Utilities.m */ = {isa = PBXFileReference; fileEncoding = 4; lastKnownFileType = sourcecode.c.objc; path = "SKEmitterNode+Utilities.m"; sourceTree = "<group>"; };
		64428B061A55834100CAA878 /* CoreMotion.framework */ = {isa = PBXFileReference; lastKnownFileType = wrapper.framework; name = CoreMotion.framework; path = System/Library/Frameworks/CoreMotion.framework; sourceTree = SDKROOT; };
		64428B081A55834900CAA878 /* SpriteKit.framework */ = {isa = PBXFileReference; lastKnownFileType = wrapper.framework; name = SpriteKit.framework; path = System/Library/Frameworks/SpriteKit.framework; sourceTree = SDKROOT; };
		6454A0C01A449C7600573F74 /* PagingScrollView.h */ = {isa = PBXFileReference; fileEncoding = 4; lastKnownFileType = sourcecode.c.h; path = PagingScrollView.h; sourceTree = "<group>"; };
		6454A0C11A449C7600573F74 /* PagingScrollView.m */ = {isa = PBXFileReference; fileEncoding = 4; lastKnownFileType = sourcecode.c.objc; path = PagingScrollView.m; sourceTree = "<group>"; };
		6454A0C31A449DA700573F74 /* WeatherView.h */ = {isa = PBXFileReference; fileEncoding = 4; lastKnownFileType = sourcecode.c.h; path = WeatherView.h; sourceTree = "<group>"; };
		6454A0C41A449DA700573F74 /* WeatherView.m */ = {isa = PBXFileReference; fileEncoding = 4; lastKnownFileType = sourcecode.c.objc; path = WeatherView.m; sourceTree = "<group>"; };
		6454A0C61A44A20A00573F74 /* NSString+Substring.h */ = {isa = PBXFileReference; fileEncoding = 4; lastKnownFileType = sourcecode.c.h; path = "NSString+Substring.h"; sourceTree = "<group>"; };
		6454A0C71A44A20A00573F74 /* NSString+Substring.m */ = {isa = PBXFileReference; fileEncoding = 4; lastKnownFileType = sourcecode.c.objc; path = "NSString+Substring.m"; sourceTree = "<group>"; };
		6454A0C81A44A20A00573F74 /* UIImage+ImageEffects.h */ = {isa = PBXFileReference; fileEncoding = 4; lastKnownFileType = sourcecode.c.h; path = "UIImage+ImageEffects.h"; sourceTree = "<group>"; };
		6454A0C91A44A20A00573F74 /* UIImage+ImageEffects.m */ = {isa = PBXFileReference; fileEncoding = 4; lastKnownFileType = sourcecode.c.objc; path = "UIImage+ImageEffects.m"; sourceTree = "<group>"; };
		6454A0CC1A44AF2B00573F74 /* AddLocationViewController.h */ = {isa = PBXFileReference; fileEncoding = 4; lastKnownFileType = sourcecode.c.h; path = AddLocationViewController.h; sourceTree = "<group>"; };
		6454A0CD1A44AF2B00573F74 /* AddLocationViewController.m */ = {isa = PBXFileReference; fileEncoding = 4; lastKnownFileType = sourcecode.c.objc; path = AddLocationViewController.m; sourceTree = "<group>"; };
		6454A0CF1A44C2DB00573F74 /* SettingsViewController.h */ = {isa = PBXFileReference; fileEncoding = 4; lastKnownFileType = sourcecode.c.h; path = SettingsViewController.h; sourceTree = "<group>"; };
		6454A0D01A44C2DB00573F74 /* SettingsViewController.m */ = {isa = PBXFileReference; fileEncoding = 4; lastKnownFileType = sourcecode.c.objc; path = SettingsViewController.m; sourceTree = "<group>"; };
		6454A0E71A45897800573F74 /* DBManager.h */ = {isa = PBXFileReference; fileEncoding = 4; lastKnownFileType = sourcecode.c.h; path = DBManager.h; sourceTree = "<group>"; };
		6454A0E81A45897800573F74 /* DBManager.m */ = {isa = PBXFileReference; fileEncoding = 4; lastKnownFileType = sourcecode.c.objc; path = DBManager.m; sourceTree = "<group>"; };
		6454A0EA1A45897800573F74 /* FMDatabase.h */ = {isa = PBXFileReference; fileEncoding = 4; lastKnownFileType = sourcecode.c.h; path = FMDatabase.h; sourceTree = "<group>"; };
		6454A0EB1A45897800573F74 /* FMDatabase.m */ = {isa = PBXFileReference; fileEncoding = 4; lastKnownFileType = sourcecode.c.objc; path = FMDatabase.m; sourceTree = "<group>"; };
		6454A0EC1A45897800573F74 /* FMDatabaseAdditions.h */ = {isa = PBXFileReference; fileEncoding = 4; lastKnownFileType = sourcecode.c.h; path = FMDatabaseAdditions.h; sourceTree = "<group>"; };
		6454A0ED1A45897800573F74 /* FMDatabaseAdditions.m */ = {isa = PBXFileReference; fileEncoding = 4; lastKnownFileType = sourcecode.c.objc; path = FMDatabaseAdditions.m; sourceTree = "<group>"; };
		6454A0EE1A45897800573F74 /* FMDatabasePool.h */ = {isa = PBXFileReference; fileEncoding = 4; lastKnownFileType = sourcecode.c.h; path = FMDatabasePool.h; sourceTree = "<group>"; };
		6454A0EF1A45897800573F74 /* FMDatabasePool.m */ = {isa = PBXFileReference; fileEncoding = 4; lastKnownFileType = sourcecode.c.objc; path = FMDatabasePool.m; sourceTree = "<group>"; };
		6454A0F01A45897800573F74 /* FMDatabaseQueue.h */ = {isa = PBXFileReference; fileEncoding = 4; lastKnownFileType = sourcecode.c.h; path = FMDatabaseQueue.h; sourceTree = "<group>"; };
		6454A0F11A45897800573F74 /* FMDatabaseQueue.m */ = {isa = PBXFileReference; fileEncoding = 4; lastKnownFileType = sourcecode.c.objc; path = FMDatabaseQueue.m; sourceTree = "<group>"; };
		6454A0F21A45897800573F74 /* FMResultSet.h */ = {isa = PBXFileReference; fileEncoding = 4; lastKnownFileType = sourcecode.c.h; path = FMResultSet.h; sourceTree = "<group>"; };
		6454A0F31A45897800573F74 /* FMResultSet.m */ = {isa = PBXFileReference; fileEncoding = 4; lastKnownFileType = sourcecode.c.objc; path = FMResultSet.m; sourceTree = "<group>"; };
		6454A0FA1A4589D300573F74 /* Settings.h */ = {isa = PBXFileReference; fileEncoding = 4; lastKnownFileType = sourcecode.c.h; path = Settings.h; sourceTree = "<group>"; };
		6454A0FB1A4589D300573F74 /* Settings.m */ = {isa = PBXFileReference; fileEncoding = 4; lastKnownFileType = sourcecode.c.objc; path = Settings.m; sourceTree = "<group>"; };
		6454A0FD1A458E2500573F74 /* libsqlite3.dylib */ = {isa = PBXFileReference; lastKnownFileType = "compiled.mach-o.dylib"; name = libsqlite3.dylib; path = usr/lib/libsqlite3.dylib; sourceTree = SDKROOT; };
		6454A0FF1A4598AB00573F74 /* StateManager.h */ = {isa = PBXFileReference; fileEncoding = 4; lastKnownFileType = sourcecode.c.h; path = StateManager.h; sourceTree = "<group>"; };
		6454A1001A4598AB00573F74 /* StateManager.m */ = {isa = PBXFileReference; fileEncoding = 4; lastKnownFileType = sourcecode.c.objc; path = StateManager.m; sourceTree = "<group>"; };
		645B69571A360FF4004E6363 /* Irimo Weather.app */ = {isa = PBXFileReference; explicitFileType = wrapper.application; includeInIndex = 0; path = "Irimo Weather.app"; sourceTree = BUILT_PRODUCTS_DIR; };
		645B695B1A360FF4004E6363 /* Info.plist */ = {isa = PBXFileReference; lastKnownFileType = text.plist.xml; path = Info.plist; sourceTree = "<group>"; };
		645B695C1A360FF4004E6363 /* main.m */ = {isa = PBXFileReference; lastKnownFileType = sourcecode.c.objc; path = main.m; sourceTree = "<group>"; };
		645B695E1A360FF4004E6363 /* AppDelegate.h */ = {isa = PBXFileReference; lastKnownFileType = sourcecode.c.h; path = AppDelegate.h; sourceTree = "<group>"; };
		645B695F1A360FF4004E6363 /* AppDelegate.m */ = {isa = PBXFileReference; lastKnownFileType = sourcecode.c.objc; path = AppDelegate.m; sourceTree = "<group>"; };
		645B69651A360FF4004E6363 /* Base */ = {isa = PBXFileReference; lastKnownFileType = file.storyboard; name = Base; path = Base.lproj/Main.storyboard; sourceTree = "<group>"; };
		645B69671A360FF4004E6363 /* Images.xcassets */ = {isa = PBXFileReference; lastKnownFileType = folder.assetcatalog; path = Images.xcassets; sourceTree = "<group>"; };
		645B69701A360FF4004E6363 /* Irimo Weather.xctest */ = {isa = PBXFileReference; explicitFileType = wrapper.cfbundle; includeInIndex = 0; path = "Irimo Weather.xctest"; sourceTree = BUILT_PRODUCTS_DIR; };
		645B69751A360FF4004E6363 /* Info.plist */ = {isa = PBXFileReference; lastKnownFileType = text.plist.xml; path = Info.plist; sourceTree = "<group>"; };
		645B69761A360FF4004E6363 /* Irimo_WeatherTests.m */ = {isa = PBXFileReference; lastKnownFileType = sourcecode.c.objc; path = Irimo_WeatherTests.m; sourceTree = "<group>"; };
		645B69801A3611E4004E6363 /* LaunchScreen.h */ = {isa = PBXFileReference; fileEncoding = 4; lastKnownFileType = sourcecode.c.h; path = LaunchScreen.h; sourceTree = "<group>"; };
		645B69811A3611E4004E6363 /* LaunchScreen.m */ = {isa = PBXFileReference; fileEncoding = 4; lastKnownFileType = sourcecode.c.objc; path = LaunchScreen.m; sourceTree = "<group>"; };
		645B69851A361358004E6363 /* PFAxisDirection.h */ = {isa = PBXFileReference; fileEncoding = 4; lastKnownFileType = sourcecode.c.h; path = PFAxisDirection.h; sourceTree = "<group>"; };
		645B69861A361358004E6363 /* PFGoldenSectionSpiral.h */ = {isa = PBXFileReference; fileEncoding = 4; lastKnownFileType = sourcecode.c.h; path = PFGoldenSectionSpiral.h; sourceTree = "<group>"; };
		645B69871A361358004E6363 /* PFGoldenSectionSpiral.m */ = {isa = PBXFileReference; fileEncoding = 4; lastKnownFileType = sourcecode.c.objc; path = PFGoldenSectionSpiral.m; sourceTree = "<group>"; };
		645B69881A361358004E6363 /* PFMatrix.h */ = {isa = PBXFileReference; fileEncoding = 4; lastKnownFileType = sourcecode.c.h; path = PFMatrix.h; sourceTree = "<group>"; };
		645B69891A361358004E6363 /* PFMatrixTransform.h */ = {isa = PBXFileReference; fileEncoding = 4; lastKnownFileType = sourcecode.c.h; path = PFMatrixTransform.h; sourceTree = "<group>"; };
		645B698A1A361358004E6363 /* PFPoint.h */ = {isa = PBXFileReference; fileEncoding = 4; lastKnownFileType = sourcecode.c.h; path = PFPoint.h; sourceTree = "<group>"; };
		645B698B1A361358004E6363 /* PFRadian.h */ = {isa = PBXFileReference; fileEncoding = 4; lastKnownFileType = sourcecode.c.h; path = PFRadian.h; sourceTree = "<group>"; };
		645B698C1A361358004E6363 /* ZYQSphereView.h */ = {isa = PBXFileReference; fileEncoding = 4; lastKnownFileType = sourcecode.c.h; path = ZYQSphereView.h; sourceTree = "<group>"; };
		645B698D1A361358004E6363 /* ZYQSphereView.m */ = {isa = PBXFileReference; fileEncoding = 4; lastKnownFileType = sourcecode.c.objc; path = ZYQSphereView.m; sourceTree = "<group>"; };
		645B69901A361825004E6363 /* Foundation.framework */ = {isa = PBXFileReference; lastKnownFileType = wrapper.framework; name = Foundation.framework; path = System/Library/Frameworks/Foundation.framework; sourceTree = SDKROOT; };
		645B69921A361836004E6363 /* UIKit.framework */ = {isa = PBXFileReference; lastKnownFileType = wrapper.framework; name = UIKit.framework; path = System/Library/Frameworks/UIKit.framework; sourceTree = SDKROOT; };
		645B69941A361849004E6363 /* CoreGraphics.framework */ = {isa = PBXFileReference; lastKnownFileType = wrapper.framework; name = CoreGraphics.framework; path = System/Library/Frameworks/CoreGraphics.framework; sourceTree = SDKROOT; };
		645B69971A361EEC004E6363 /* SphereView_Prefix.pch */ = {isa = PBXFileReference; fileEncoding = 4; lastKnownFileType = sourcecode.c.h; name = SphereView_Prefix.pch; path = "Irimo Weather/SphereView_Prefix.pch"; sourceTree = SOURCE_ROOT; };
		645B69991A3622E9004E6363 /* Gradient.h */ = {isa = PBXFileReference; fileEncoding = 4; lastKnownFileType = sourcecode.c.h; path = Gradient.h; sourceTree = "<group>"; };
		645B699A1A3622E9004E6363 /* Gradient.m */ = {isa = PBXFileReference; fileEncoding = 4; lastKnownFileType = sourcecode.c.objc; path = Gradient.m; sourceTree = "<group>"; };
		645B699D1A3655E1004E6363 /* Climacons.h */ = {isa = PBXFileReference; fileEncoding = 4; lastKnownFileType = sourcecode.c.h; path = Climacons.h; sourceTree = "<group>"; };
		645B699F1A36562A004E6363 /* Climacons.ttf */ = {isa = PBXFileReference; lastKnownFileType = file; path = Climacons.ttf; sourceTree = "<group>"; };
		64695C301A434F18007F2732 /* JCDHTTPConnection.h */ = {isa = PBXFileReference; fileEncoding = 4; lastKnownFileType = sourcecode.c.h; name = JCDHTTPConnection.h; path = ../JCDHTTPConnection.h; sourceTree = "<group>"; };
		64695C311A434F18007F2732 /* JCDHTTPConnection.m */ = {isa = PBXFileReference; fileEncoding = 4; lastKnownFileType = sourcecode.c.objc; name = JCDHTTPConnection.m; path = ../JCDHTTPConnection.m; sourceTree = "<group>"; };
		647DE7311A42E57F0009D24A /* MainViewController.h */ = {isa = PBXFileReference; fileEncoding = 4; lastKnownFileType = sourcecode.c.h; path = MainViewController.h; sourceTree = "<group>"; };
		647DE7321A42E57F0009D24A /* MainViewController.m */ = {isa = PBXFileReference; fileEncoding = 4; lastKnownFileType = sourcecode.c.objc; path = MainViewController.m; sourceTree = "<group>"; };
		648E1BB41A586321005F222C /* cities.xml */ = {isa = PBXFileReference; fileEncoding = 4; lastKnownFileType = text.xml; path = cities.xml; sourceTree = "<group>"; };
		648E7F781A53408E00F1CD6F /* CHTumblrMenuView.h */ = {isa = PBXFileReference; fileEncoding = 4; lastKnownFileType = sourcecode.c.h; path = CHTumblrMenuView.h; sourceTree = "<group>"; };
		648E7F791A53408E00F1CD6F /* CHTumblrMenuView.m */ = {isa = PBXFileReference; fileEncoding = 4; lastKnownFileType = sourcecode.c.objc; path = CHTumblrMenuView.m; sourceTree = "<group>"; };
		648E7F7B1A5349D300F1CD6F /* about.png */ = {isa = PBXFileReference; lastKnownFileType = image.png; path = about.png; sourceTree = "<group>"; };
		648E7F7C1A5349D300F1CD6F /* menu.png */ = {isa = PBXFileReference; lastKnownFileType = image.png; path = menu.png; sourceTree = "<group>"; };
		648E7F7D1A5349D300F1CD6F /* setting.png */ = {isa = PBXFileReference; lastKnownFileType = image.png; path = setting.png; sourceTree = "<group>"; };
		648E7F7E1A5349D300F1CD6F /* warning.png */ = {isa = PBXFileReference; lastKnownFileType = image.png; path = warning.png; sourceTree = "<group>"; };
		648E7F841A535A4500F1CD6F /* RNFrostedSidebar.h */ = {isa = PBXFileReference; fileEncoding = 4; lastKnownFileType = sourcecode.c.h; path = RNFrostedSidebar.h; sourceTree = "<group>"; };
		648E7F851A535A4500F1CD6F /* RNFrostedSidebar.m */ = {isa = PBXFileReference; fileEncoding = 4; lastKnownFileType = sourcecode.c.objc; path = RNFrostedSidebar.m; sourceTree = "<group>"; };
		648E7F891A5361D300F1CD6F /* APPaginalContainerView.h */ = {isa = PBXFileReference; fileEncoding = 4; lastKnownFileType = sourcecode.c.h; path = APPaginalContainerView.h; sourceTree = "<group>"; };
		648E7F8A1A5361D300F1CD6F /* APPaginalContainerView.m */ = {isa = PBXFileReference; fileEncoding = 4; lastKnownFileType = sourcecode.c.objc; path = APPaginalContainerView.m; sourceTree = "<group>"; };
		648E7F8B1A5361D300F1CD6F /* APPaginalContainerViewPage.h */ = {isa = PBXFileReference; fileEncoding = 4; lastKnownFileType = sourcecode.c.h; path = APPaginalContainerViewPage.h; sourceTree = "<group>"; };
		648E7F8C1A5361D300F1CD6F /* APPaginalContainerViewPage.m */ = {isa = PBXFileReference; fileEncoding = 4; lastKnownFileType = sourcecode.c.objc; path = APPaginalContainerViewPage.m; sourceTree = "<group>"; };
		648E7F8E1A5361D300F1CD6F /* APPaginalTableView.h */ = {isa = PBXFileReference; fileEncoding = 4; lastKnownFileType = sourcecode.c.h; path = APPaginalTableView.h; sourceTree = "<group>"; };
		648E7F8F1A5361D300F1CD6F /* APPaginalTableView.m */ = {isa = PBXFileReference; fileEncoding = 4; lastKnownFileType = sourcecode.c.objc; path = APPaginalTableView.m; sourceTree = "<group>"; };
		648E7F901A5361D300F1CD6F /* APPaginalTableViewElement.h */ = {isa = PBXFileReference; fileEncoding = 4; lastKnownFileType = sourcecode.c.h; path = APPaginalTableViewElement.h; sourceTree = "<group>"; };
		648E7F911A5361D300F1CD6F /* APPaginalTableViewElement.m */ = {isa = PBXFileReference; fileEncoding = 4; lastKnownFileType = sourcecode.c.objc; path = APPaginalTableViewElement.m; sourceTree = "<group>"; };
		648E7F961A53632600F1CD6F /* WarningsViewController.h */ = {isa = PBXFileReference; fileEncoding = 4; lastKnownFileType = sourcecode.c.h; path = WarningsViewController.h; sourceTree = "<group>"; };
		648E7F971A53632600F1CD6F /* WarningsViewController.m */ = {isa = PBXFileReference; fileEncoding = 4; lastKnownFileType = sourcecode.c.objc; path = WarningsViewController.m; sourceTree = "<group>"; };
		648E7F9A1A537F8400F1CD6F /* btn_close_normal.png */ = {isa = PBXFileReference; lastKnownFileType = image.png; path = btn_close_normal.png; sourceTree = "<group>"; };
		648E7F9B1A537F8400F1CD6F /* btn_close_normal@2x.png */ = {isa = PBXFileReference; lastKnownFileType = image.png; path = "btn_close_normal@2x.png"; sourceTree = "<group>"; };
		648E7F9C1A537F8400F1CD6F /* btn_close_selected.png */ = {isa = PBXFileReference; lastKnownFileType = image.png; path = btn_close_selected.png; sourceTree = "<group>"; };
		648E7F9D1A537F8400F1CD6F /* btn_close_selected@2x.png */ = {isa = PBXFileReference; lastKnownFileType = image.png; path = "btn_close_selected@2x.png"; sourceTree = "<group>"; };
		648E7F9E1A537F8400F1CD6F /* DXAlertView.h */ = {isa = PBXFileReference; fileEncoding = 4; lastKnownFileType = sourcecode.c.h; path = DXAlertView.h; sourceTree = "<group>"; };
		648E7F9F1A537F8400F1CD6F /* DXAlertView.m */ = {isa = PBXFileReference; fileEncoding = 4; lastKnownFileType = sourcecode.c.objc; path = DXAlertView.m; sourceTree = "<group>"; };
		648E7FA51A5380ED00F1CD6F /* Reachability.h */ = {isa = PBXFileReference; fileEncoding = 4; lastKnownFileType = sourcecode.c.h; path = Reachability.h; sourceTree = "<group>"; };
		648E7FA61A5380ED00F1CD6F /* Reachability.m */ = {isa = PBXFileReference; fileEncoding = 4; lastKnownFileType = sourcecode.c.objc; path = Reachability.m; sourceTree = "<group>"; };
		648E7FA81A5387BC00F1CD6F /* MessageUI.framework */ = {isa = PBXFileReference; lastKnownFileType = wrapper.framework; name = MessageUI.framework; path = System/Library/Frameworks/MessageUI.framework; sourceTree = SDKROOT; };
		648E7FAC1A53F03E00F1CD6F /* weatherLogo.png */ = {isa = PBXFileReference; lastKnownFileType = image.png; path = weatherLogo.png; sourceTree = "<group>"; };
		648E7FAE1A53F3ED00F1CD6F /* AboutViewController.h */ = {isa = PBXFileReference; fileEncoding = 4; lastKnownFileType = sourcecode.c.h; path = AboutViewController.h; sourceTree = "<group>"; };
		648E7FAF1A53F3ED00F1CD6F /* AboutViewController.m */ = {isa = PBXFileReference; fileEncoding = 4; lastKnownFileType = sourcecode.c.objc; path = AboutViewController.m; sourceTree = "<group>"; };
		64CFD1C31A50C2C500EF2067 /* cityLocations.plist */ = {isa = PBXFileReference; lastKnownFileType = file.bplist; path = cityLocations.plist; sourceTree = "<group>"; };
		64CFD1C51A51653800EF2067 /* UIView+AutoLayout.h */ = {isa = PBXFileReference; fileEncoding = 4; lastKnownFileType = sourcecode.c.h; path = "UIView+AutoLayout.h"; sourceTree = "<group>"; };
		64CFD1C61A51653800EF2067 /* UIView+AutoLayout.m */ = {isa = PBXFileReference; fileEncoding = 4; lastKnownFileType = sourcecode.c.objc; path = "UIView+AutoLayout.m"; sourceTree = "<group>"; };
		64DBF7861A4B49BB00589D1F /* MainImage.png */ = {isa = PBXFileReference; lastKnownFileType = image.png; path = MainImage.png; sourceTree = "<group>"; };
		64DBF7881A4B916100589D1F /* elipse.png */ = {isa = PBXFileReference; lastKnownFileType = image.png; path = elipse.png; sourceTree = "<group>"; };
		64DBF78B1A4C54B500589D1F /* PendulumView.h */ = {isa = PBXFileReference; fileEncoding = 4; lastKnownFileType = sourcecode.c.h; path = PendulumView.h; sourceTree = "<group>"; };
		64DBF78C1A4C54B500589D1F /* PendulumView.m */ = {isa = PBXFileReference; fileEncoding = 4; lastKnownFileType = sourcecode.c.objc; path = PendulumView.m; sourceTree = "<group>"; };
		64E0D1F71A40AE41001D9CED /* WeatherData.h */ = {isa = PBXFileReference; fileEncoding = 4; lastKnownFileType = sourcecode.c.h; path = WeatherData.h; sourceTree = "<group>"; };
		64E0D1F81A40AE41001D9CED /* WeatherData.m */ = {isa = PBXFileReference; fileEncoding = 4; lastKnownFileType = sourcecode.c.objc; path = WeatherData.m; sourceTree = "<group>"; };
		64E0D1FC1A40AF6C001D9CED /* MKPersianFont.h */ = {isa = PBXFileReference; fileEncoding = 4; lastKnownFileType = sourcecode.c.h; path = MKPersianFont.h; sourceTree = "<group>"; };
		64E0D1FD1A40AF6C001D9CED /* MKPersianFont.m */ = {isa = PBXFileReference; fileEncoding = 4; lastKnownFileType = sourcecode.c.objc; path = MKPersianFont.m; sourceTree = "<group>"; };
		64E0D1FF1A40B06B001D9CED /* koodak.ttf */ = {isa = PBXFileReference; lastKnownFileType = file; path = koodak.ttf; sourceTree = "<group>"; };
		64E0D2011A40B124001D9CED /* QuartzCore.framework */ = {isa = PBXFileReference; lastKnownFileType = wrapper.framework; name = QuartzCore.framework; path = System/Library/Frameworks/QuartzCore.framework; sourceTree = SDKROOT; };
		64E0D2031A40B13B001D9CED /* CoreText.framework */ = {isa = PBXFileReference; lastKnownFileType = wrapper.framework; name = CoreText.framework; path = System/Library/Frameworks/CoreText.framework; sourceTree = SDKROOT; };
		64E0D2051A40B51C001D9CED /* CoreLocation.framework */ = {isa = PBXFileReference; lastKnownFileType = wrapper.framework; name = CoreLocation.framework; path = System/Library/Frameworks/CoreLocation.framework; sourceTree = SDKROOT; };
		64E0D2071A40B52F001D9CED /* MapKit.framework */ = {isa = PBXFileReference; lastKnownFileType = wrapper.framework; name = MapKit.framework; path = System/Library/Frameworks/MapKit.framework; sourceTree = SDKROOT; };
		64E0D2091A40B53C001D9CED /* SystemConfiguration.framework */ = {isa = PBXFileReference; lastKnownFileType = wrapper.framework; name = SystemConfiguration.framework; path = System/Library/Frameworks/SystemConfiguration.framework; sourceTree = SDKROOT; };
		64E0D20B1A40B548001D9CED /* MobileCoreServices.framework */ = {isa = PBXFileReference; lastKnownFileType = wrapper.framework; name = MobileCoreServices.framework; path = System/Library/Frameworks/MobileCoreServices.framework; sourceTree = SDKROOT; };
		64E0D20D1A40B854001D9CED /* DataDownloader.h */ = {isa = PBXFileReference; fileEncoding = 4; lastKnownFileType = sourcecode.c.h; path = DataDownloader.h; sourceTree = "<group>"; };
		64E0D20E1A40B854001D9CED /* DataDownloader.m */ = {isa = PBXFileReference; fileEncoding = 4; lastKnownFileType = sourcecode.c.objc; path = DataDownloader.m; sourceTree = "<group>"; };
		64E0D2101A40D1EF001D9CED /* XMLReader.h */ = {isa = PBXFileReference; fileEncoding = 4; lastKnownFileType = sourcecode.c.h; path = XMLReader.h; sourceTree = "<group>"; };
		64E0D2111A40D1EF001D9CED /* XMLReader.m */ = {isa = PBXFileReference; fileEncoding = 4; lastKnownFileType = sourcecode.c.objc; path = XMLReader.m; sourceTree = "<group>"; };
/* End PBXFileReference section */

/* Begin PBXFrameworksBuildPhase section */
		645B69541A360FF4004E6363 /* Frameworks */ = {
			isa = PBXFrameworksBuildPhase;
			buildActionMask = 2147483647;
			files = (
				64428B091A55834900CAA878 /* SpriteKit.framework in Frameworks */,
				64428B071A55834100CAA878 /* CoreMotion.framework in Frameworks */,
				648E7FA91A5387BC00F1CD6F /* MessageUI.framework in Frameworks */,
				6454A0FE1A458E2500573F74 /* libsqlite3.dylib in Frameworks */,
				64E0D20C1A40B548001D9CED /* MobileCoreServices.framework in Frameworks */,
				64E0D20A1A40B53C001D9CED /* SystemConfiguration.framework in Frameworks */,
				64E0D2081A40B52F001D9CED /* MapKit.framework in Frameworks */,
				64E0D2061A40B51C001D9CED /* CoreLocation.framework in Frameworks */,
				64E0D2041A40B13B001D9CED /* CoreText.framework in Frameworks */,
				64E0D2021A40B124001D9CED /* QuartzCore.framework in Frameworks */,
				645B69951A361849004E6363 /* CoreGraphics.framework in Frameworks */,
				645B69931A361836004E6363 /* UIKit.framework in Frameworks */,
				645B69911A361825004E6363 /* Foundation.framework in Frameworks */,
			);
			runOnlyForDeploymentPostprocessing = 0;
		};
		645B696D1A360FF4004E6363 /* Frameworks */ = {
			isa = PBXFrameworksBuildPhase;
			buildActionMask = 2147483647;
			files = (
			);
			runOnlyForDeploymentPostprocessing = 0;
		};
/* End PBXFrameworksBuildPhase section */

/* Begin PBXGroup section */
		6407DE9C1A5B3D24007C215F /* StartupImages */ = {
			isa = PBXGroup;
			children = (
				6407DE9D1A5B3D24007C215F /* 1.png */,
				6407DE9E1A5B3D24007C215F /* 10.png */,
				6407DE9F1A5B3D24007C215F /* 11.png */,
				6407DEA01A5B3D24007C215F /* 12.png */,
				6407DEA11A5B3D24007C215F /* 13.png */,
				6407DEA21A5B3D24007C215F /* 14.png */,
				6407DEA31A5B3D24007C215F /* 15.png */,
				6407DEA41A5B3D24007C215F /* 16.png */,
				6407DEA51A5B3D24007C215F /* 17.png */,
				6407DEA61A5B3D24007C215F /* 18.png */,
				6407DEA71A5B3D24007C215F /* 19.png */,
				6407DEA81A5B3D24007C215F /* 2.png */,
				6407DEA91A5B3D24007C215F /* 20.png */,
				6407DEAA1A5B3D24007C215F /* 21.png */,
				6407DEAB1A5B3D24007C215F /* 22.png */,
				6407DEAC1A5B3D24007C215F /* 23.png */,
				6407DEAD1A5B3D24007C215F /* 24.png */,
				6407DEAE1A5B3D24007C215F /* 3.png */,
				6407DEAF1A5B3D24007C215F /* 4.png */,
				6407DEB01A5B3D24007C215F /* 5.png */,
				6407DEB11A5B3D24007C215F /* 6.png */,
				6407DEB21A5B3D24007C215F /* 7.png */,
				6407DEB31A5B3D24007C215F /* 8.png */,
				6407DEB41A5B3D24007C215F /* 9.png */,
			);
			path = StartupImages;
			sourceTree = "<group>";
		};
		64244A371A9637B400686786 /* Data & Settings */ = {
			isa = PBXGroup;
			children = (
				64E0D1F71A40AE41001D9CED /* WeatherData.h */,
				64E0D1F81A40AE41001D9CED /* WeatherData.m */,
				64E0D20D1A40B854001D9CED /* DataDownloader.h */,
				64E0D20E1A40B854001D9CED /* DataDownloader.m */,
				6454A0FF1A4598AB00573F74 /* StateManager.h */,
				6454A1001A4598AB00573F74 /* StateManager.m */,
				6454A0FA1A4589D300573F74 /* Settings.h */,
				6454A0FB1A4589D300573F74 /* Settings.m */,
			);
			name = "Data & Settings";
			sourceTree = "<group>";
		};
		6454A0BF1A449C7600573F74 /* Views */ = {
			isa = PBXGroup;
			children = (
				6454A0C01A449C7600573F74 /* PagingScrollView.h */,
				6454A0C11A449C7600573F74 /* PagingScrollView.m */,
				6454A0C31A449DA700573F74 /* WeatherView.h */,
				6454A0C41A449DA700573F74 /* WeatherView.m */,
			);
			path = Views;
			sourceTree = "<group>";
		};
		6454A0E61A45897800573F74 /* DBManager */ = {
			isa = PBXGroup;
			children = (
				6454A0E71A45897800573F74 /* DBManager.h */,
				6454A0E81A45897800573F74 /* DBManager.m */,
			);
			path = DBManager;
			sourceTree = "<group>";
		};
		6454A0E91A45897800573F74 /* FMDB */ = {
			isa = PBXGroup;
			children = (
				6454A0EA1A45897800573F74 /* FMDatabase.h */,
				6454A0EB1A45897800573F74 /* FMDatabase.m */,
				6454A0EC1A45897800573F74 /* FMDatabaseAdditions.h */,
				6454A0ED1A45897800573F74 /* FMDatabaseAdditions.m */,
				6454A0EE1A45897800573F74 /* FMDatabasePool.h */,
				6454A0EF1A45897800573F74 /* FMDatabasePool.m */,
				6454A0F01A45897800573F74 /* FMDatabaseQueue.h */,
				6454A0F11A45897800573F74 /* FMDatabaseQueue.m */,
				6454A0F21A45897800573F74 /* FMResultSet.h */,
				6454A0F31A45897800573F74 /* FMResultSet.m */,
			);
			path = FMDB;
			sourceTree = "<group>";
		};
		645B694E1A360FF4004E6363 = {
			isa = PBXGroup;
			children = (
				645B69591A360FF4004E6363 /* Irimo Weather */,
				645B69731A360FF4004E6363 /* Irimo WeatherTests */,
				645B69581A360FF4004E6363 /* Products */,
				645B69961A361892004E6363 /* Frameworks */,
			);
			sourceTree = "<group>";
		};
		645B69581A360FF4004E6363 /* Products */ = {
			isa = PBXGroup;
			children = (
				645B69571A360FF4004E6363 /* Irimo Weather.app */,
				645B69701A360FF4004E6363 /* Irimo Weather.xctest */,
			);
			name = Products;
			sourceTree = "<group>";
		};
		645B69591A360FF4004E6363 /* Irimo Weather */ = {
			isa = PBXGroup;
			children = (
				64E0D1F61A40ADC7001D9CED /* Model */,
				64853C321AA4F5FA00F8ED03 /* Images */,
				645B699E1A36562A004E6363 /* Fonts */,
				645B69981A362290004E6363 /* Graphic */,
				645B69841A361358004E6363 /* SphereView */,
				647DE7301A42E51A0009D24A /* UIViews */,
				645B695E1A360FF4004E6363 /* AppDelegate.h */,
				645B695F1A360FF4004E6363 /* AppDelegate.m */,
				645B69641A360FF4004E6363 /* Main.storyboard */,
				645B69671A360FF4004E6363 /* Images.xcassets */,
				645B695A1A360FF4004E6363 /* Supporting Files */,
			);
			path = "Irimo Weather";
			sourceTree = "<group>";
		};
		645B695A1A360FF4004E6363 /* Supporting Files */ = {
			isa = PBXGroup;
			children = (
				645B695B1A360FF4004E6363 /* Info.plist */,
				645B695C1A360FF4004E6363 /* main.m */,
			);
			name = "Supporting Files";
			sourceTree = "<group>";
		};
		645B69731A360FF4004E6363 /* Irimo WeatherTests */ = {
			isa = PBXGroup;
			children = (
				645B69761A360FF4004E6363 /* Irimo_WeatherTests.m */,
				645B69741A360FF4004E6363 /* Supporting Files */,
			);
			path = "Irimo WeatherTests";
			sourceTree = "<group>";
		};
		645B69741A360FF4004E6363 /* Supporting Files */ = {
			isa = PBXGroup;
			children = (
				645B69751A360FF4004E6363 /* Info.plist */,
			);
			name = "Supporting Files";
			sourceTree = "<group>";
		};
		645B69831A36120B004E6363 /* LaunchScreen */ = {
			isa = PBXGroup;
			children = (
				645B69801A3611E4004E6363 /* LaunchScreen.h */,
				645B69811A3611E4004E6363 /* LaunchScreen.m */,
			);
			name = LaunchScreen;
			sourceTree = "<group>";
		};
		645B69841A361358004E6363 /* SphereView */ = {
			isa = PBXGroup;
			children = (
				645B69971A361EEC004E6363 /* SphereView_Prefix.pch */,
				645B69851A361358004E6363 /* PFAxisDirection.h */,
				645B69861A361358004E6363 /* PFGoldenSectionSpiral.h */,
				645B69871A361358004E6363 /* PFGoldenSectionSpiral.m */,
				645B69881A361358004E6363 /* PFMatrix.h */,
				645B69891A361358004E6363 /* PFMatrixTransform.h */,
				645B698A1A361358004E6363 /* PFPoint.h */,
				645B698B1A361358004E6363 /* PFRadian.h */,
				645B698C1A361358004E6363 /* ZYQSphereView.h */,
				645B698D1A361358004E6363 /* ZYQSphereView.m */,
			);
			path = SphereView;
			sourceTree = "<group>";
		};
		645B69961A361892004E6363 /* Frameworks */ = {
			isa = PBXGroup;
			children = (
				64428B081A55834900CAA878 /* SpriteKit.framework */,
				64428B061A55834100CAA878 /* CoreMotion.framework */,
				648E7FA81A5387BC00F1CD6F /* MessageUI.framework */,
				6454A0FD1A458E2500573F74 /* libsqlite3.dylib */,
				64E0D20B1A40B548001D9CED /* MobileCoreServices.framework */,
				64E0D2091A40B53C001D9CED /* SystemConfiguration.framework */,
				64E0D2071A40B52F001D9CED /* MapKit.framework */,
				64E0D2051A40B51C001D9CED /* CoreLocation.framework */,
				64E0D2031A40B13B001D9CED /* CoreText.framework */,
				64E0D2011A40B124001D9CED /* QuartzCore.framework */,
				645B69941A361849004E6363 /* CoreGraphics.framework */,
				645B69921A361836004E6363 /* UIKit.framework */,
				645B69901A361825004E6363 /* Foundation.framework */,
			);
			name = Frameworks;
			sourceTree = "<group>";
		};
		645B69981A362290004E6363 /* Graphic */ = {
			isa = PBXGroup;
			children = (
				64428B001A557A5500CAA878 /* SnowFall.h */,
				64428B011A557A5500CAA878 /* SnowFall.m */,
				641F849C1A5AD3AE0067DE7C /* RainFall.h */,
				641F849D1A5AD3AE0067DE7C /* RainFall.m */,
				645B69991A3622E9004E6363 /* Gradient.h */,
				645B699A1A3622E9004E6363 /* Gradient.m */,
			);
			name = Graphic;
			sourceTree = "<group>";
		};
		645B699C1A3655D6004E6363 /* Icons */ = {
			isa = PBXGroup;
			children = (
				645B699D1A3655E1004E6363 /* Climacons.h */,
			);
			name = Icons;
			sourceTree = "<group>";
		};
		645B699E1A36562A004E6363 /* Fonts */ = {
			isa = PBXGroup;
			children = (
				64E0D1FF1A40B06B001D9CED /* koodak.ttf */,
				645B699F1A36562A004E6363 /* Climacons.ttf */,
			);
			path = Fonts;
			sourceTree = "<group>";
		};
		647DE7301A42E51A0009D24A /* UIViews */ = {
			isa = PBXGroup;
			children = (
				645B69831A36120B004E6363 /* LaunchScreen */,
				647DE7311A42E57F0009D24A /* MainViewController.h */,
				647DE7321A42E57F0009D24A /* MainViewController.m */,
				6454A0CC1A44AF2B00573F74 /* AddLocationViewController.h */,
				6454A0CD1A44AF2B00573F74 /* AddLocationViewController.m */,
				6454A0CF1A44C2DB00573F74 /* SettingsViewController.h */,
				6454A0D01A44C2DB00573F74 /* SettingsViewController.m */,
				648E7F961A53632600F1CD6F /* WarningsViewController.h */,
				648E7F971A53632600F1CD6F /* WarningsViewController.m */,
				648E7FAE1A53F3ED00F1CD6F /* AboutViewController.h */,
				648E7FAF1A53F3ED00F1CD6F /* AboutViewController.m */,
			);
			name = UIViews;
			sourceTree = "<group>";
		};
		64853C321AA4F5FA00F8ED03 /* Images */ = {
			isa = PBXGroup;
			children = (
				642C166F1A5C016E00BA8BD0 /* spark.png */,
				6407DE9C1A5B3D24007C215F /* StartupImages */,
				641F849F1A5AD6F70067DE7C /* rain.png */,
				64DBF7851A4B49BB00589D1F /* main */,
				648E7FAC1A53F03E00F1CD6F /* weatherLogo.png */,
				648E7F7B1A5349D300F1CD6F /* about.png */,
				648E7F7C1A5349D300F1CD6F /* menu.png */,
				648E7F7D1A5349D300F1CD6F /* setting.png */,
				648E7F7E1A5349D300F1CD6F /* warning.png */,
			);
			path = Images;
			sourceTree = "<group>";
		};
		648E7F771A53408E00F1CD6F /* TumblrMenu */ = {
			isa = PBXGroup;
			children = (
				648E7F781A53408E00F1CD6F /* CHTumblrMenuView.h */,
				648E7F791A53408E00F1CD6F /* CHTumblrMenuView.m */,
			);
			path = TumblrMenu;
			sourceTree = "<group>";
		};
		648E7F831A535A4500F1CD6F /* Menu */ = {
			isa = PBXGroup;
			children = (
				648E7F841A535A4500F1CD6F /* RNFrostedSidebar.h */,
				648E7F851A535A4500F1CD6F /* RNFrostedSidebar.m */,
			);
			path = Menu;
			sourceTree = "<group>";
		};
		648E7F871A5361D300F1CD6F /* Components */ = {
			isa = PBXGroup;
			children = (
				648E7F881A5361D300F1CD6F /* APPaginalContainerView */,
				648E7F8D1A5361D300F1CD6F /* APPaginalTableView */,
			);
			path = Components;
			sourceTree = "<group>";
		};
		648E7F881A5361D300F1CD6F /* APPaginalContainerView */ = {
			isa = PBXGroup;
			children = (
				648E7F891A5361D300F1CD6F /* APPaginalContainerView.h */,
				648E7F8A1A5361D300F1CD6F /* APPaginalContainerView.m */,
				648E7F8B1A5361D300F1CD6F /* APPaginalContainerViewPage.h */,
				648E7F8C1A5361D300F1CD6F /* APPaginalContainerViewPage.m */,
			);
			path = APPaginalContainerView;
			sourceTree = "<group>";
		};
		648E7F8D1A5361D300F1CD6F /* APPaginalTableView */ = {
			isa = PBXGroup;
			children = (
				648E7F8E1A5361D300F1CD6F /* APPaginalTableView.h */,
				648E7F8F1A5361D300F1CD6F /* APPaginalTableView.m */,
				648E7F901A5361D300F1CD6F /* APPaginalTableViewElement.h */,
				648E7F911A5361D300F1CD6F /* APPaginalTableViewElement.m */,
			);
			path = APPaginalTableView;
			sourceTree = "<group>";
		};
		648E7F991A537F8400F1CD6F /* Vendor */ = {
			isa = PBXGroup;
			children = (
				648E7F9A1A537F8400F1CD6F /* btn_close_normal.png */,
				648E7F9B1A537F8400F1CD6F /* btn_close_normal@2x.png */,
				648E7F9C1A537F8400F1CD6F /* btn_close_selected.png */,
				648E7F9D1A537F8400F1CD6F /* btn_close_selected@2x.png */,
				648E7F9E1A537F8400F1CD6F /* DXAlertView.h */,
				648E7F9F1A537F8400F1CD6F /* DXAlertView.m */,
			);
			path = Vendor;
			sourceTree = "<group>";
		};
		64DBF7851A4B49BB00589D1F /* main */ = {
			isa = PBXGroup;
			children = (
				64DBF7881A4B916100589D1F /* elipse.png */,
				64DBF7861A4B49BB00589D1F /* MainImage.png */,
			);
			path = main;
			sourceTree = "<group>";
		};
		64DBF78A1A4C54B500589D1F /* PendulumView */ = {
			isa = PBXGroup;
			children = (
				64DBF78B1A4C54B500589D1F /* PendulumView.h */,
				64DBF78C1A4C54B500589D1F /* PendulumView.m */,
			);
			name = PendulumView;
			path = "Irimo Weather/PendulumView";
			sourceTree = SOURCE_ROOT;
		};
		64E0D1F61A40ADC7001D9CED /* Model */ = {
			isa = PBXGroup;
			children = (
				64E0D1FB1A40AF6C001D9CED /* Extension */,
				645B699C1A3655D6004E6363 /* Icons */,
				6454A0E61A45897800573F74 /* DBManager */,
				6454A0E91A45897800573F74 /* FMDB */,
				6454A0BF1A449C7600573F74 /* Views */,
				64244A371A9637B400686786 /* Data & Settings */,
			);
			name = Model;
			sourceTree = "<group>";
		};
		64E0D1FB1A40AF6C001D9CED /* Extension */ = {
			isa = PBXGroup;
			children = (
				648E7F991A537F8400F1CD6F /* Vendor */,
				648E7F871A5361D300F1CD6F /* Components */,
				648E7F831A535A4500F1CD6F /* Menu */,
				648E7F771A53408E00F1CD6F /* TumblrMenu */,
				64DBF78A1A4C54B500589D1F /* PendulumView */,
				648E7FA51A5380ED00F1CD6F /* Reachability.h */,
				648E7FA61A5380ED00F1CD6F /* Reachability.m */,
				64428B031A5581B500CAA878 /* SKEmitterNode+Utilities.h */,
				64428B041A5581B500CAA878 /* SKEmitterNode+Utilities.m */,
				64CFD1C51A51653800EF2067 /* UIView+AutoLayout.h */,
				64CFD1C61A51653800EF2067 /* UIView+AutoLayout.m */,
				6454A0C61A44A20A00573F74 /* NSString+Substring.h */,
				6454A0C71A44A20A00573F74 /* NSString+Substring.m */,
				6454A0C81A44A20A00573F74 /* UIImage+ImageEffects.h */,
				6454A0C91A44A20A00573F74 /* UIImage+ImageEffects.m */,
				64695C301A434F18007F2732 /* JCDHTTPConnection.h */,
				64695C311A434F18007F2732 /* JCDHTTPConnection.m */,
				64E0D2101A40D1EF001D9CED /* XMLReader.h */,
				64E0D2111A40D1EF001D9CED /* XMLReader.m */,
				64E0D1FC1A40AF6C001D9CED /* MKPersianFont.h */,
				64E0D1FD1A40AF6C001D9CED /* MKPersianFont.m */,
				6416F26E1A5606EF00733A1A /* UConstants.h */,
				64CFD1C31A50C2C500EF2067 /* cityLocations.plist */,
				648E1BB41A586321005F222C /* cities.xml */,
			);
			path = Extension;
			sourceTree = "<group>";
		};
/* End PBXGroup section */

/* Begin PBXNativeTarget section */
		645B69561A360FF4004E6363 /* Irimo Weather */ = {
			isa = PBXNativeTarget;
			buildConfigurationList = 645B697A1A360FF4004E6363 /* Build configuration list for PBXNativeTarget "Irimo Weather" */;
			buildPhases = (
				645B69531A360FF4004E6363 /* Sources */,
				645B69541A360FF4004E6363 /* Frameworks */,
				645B69551A360FF4004E6363 /* Resources */,
			);
			buildRules = (
			);
			dependencies = (
			);
			name = "Irimo Weather";
			productName = "Irimo Weather";
			productReference = 645B69571A360FF4004E6363 /* Irimo Weather.app */;
			productType = "com.apple.product-type.application";
		};
		645B696F1A360FF4004E6363 /* Irimo WeatherTests */ = {
			isa = PBXNativeTarget;
			buildConfigurationList = 645B697D1A360FF4004E6363 /* Build configuration list for PBXNativeTarget "Irimo WeatherTests" */;
			buildPhases = (
				645B696C1A360FF4004E6363 /* Sources */,
				645B696D1A360FF4004E6363 /* Frameworks */,
				645B696E1A360FF4004E6363 /* Resources */,
			);
			buildRules = (
			);
			dependencies = (
				643D04E81A5AB2C500F6AB47 /* PBXTargetDependency */,
			);
			name = "Irimo WeatherTests";
			productName = "Irimo WeatherTests";
			productReference = 645B69701A360FF4004E6363 /* Irimo Weather.xctest */;
			productType = "com.apple.product-type.bundle.unit-test";
		};
/* End PBXNativeTarget section */

/* Begin PBXProject section */
		645B694F1A360FF4004E6363 /* Project object */ = {
			isa = PBXProject;
			attributes = {
				LastUpgradeCheck = 0610;
				ORGANIZATIONNAME = aDb;
				TargetAttributes = {
					645B69561A360FF4004E6363 = {
						CreatedOnToolsVersion = 6.1;
						DevelopmentTeam = 2Y3WDQ97KT;
					};
					645B696F1A360FF4004E6363 = {
						CreatedOnToolsVersion = 6.1;
						TestTargetID = 645B69561A360FF4004E6363;
					};
				};
			};
			buildConfigurationList = 645B69521A360FF4004E6363 /* Build configuration list for PBXProject "Irimo Weather" */;
			compatibilityVersion = "Xcode 3.2";
			developmentRegion = English;
			hasScannedForEncodings = 0;
			knownRegions = (
				en,
				Base,
			);
			mainGroup = 645B694E1A360FF4004E6363;
			productRefGroup = 645B69581A360FF4004E6363 /* Products */;
			projectDirPath = "";
			projectRoot = "";
			targets = (
				645B69561A360FF4004E6363 /* Irimo Weather */,
				645B696F1A360FF4004E6363 /* Irimo WeatherTests */,
			);
		};
/* End PBXProject section */

/* Begin PBXResourcesBuildPhase section */
		645B69551A360FF4004E6363 /* Resources */ = {
			isa = PBXResourcesBuildPhase;
			buildActionMask = 2147483647;
			files = (
				648E7F801A5349D300F1CD6F /* menu.png in Resources */,
				6407DEBD1A5B3D24007C215F /* 17.png in Resources */,
				648E7F811A5349D300F1CD6F /* setting.png in Resources */,
				641F84A01A5AD6F70067DE7C /* rain.png in Resources */,
				645B69661A360FF4004E6363 /* Main.storyboard in Resources */,
				6407DEC41A5B3D24007C215F /* 23.png in Resources */,
				6407DECB1A5B3D24007C215F /* 8.png in Resources */,
				6407DEBF1A5B3D24007C215F /* 19.png in Resources */,
				6407DECA1A5B3D24007C215F /* 7.png in Resources */,
				6407DEB91A5B3D24007C215F /* 13.png in Resources */,
				6407DEC01A5B3D24007C215F /* 2.png in Resources */,
				64DBF7871A4B49BC00589D1F /* MainImage.png in Resources */,
				64DBF7891A4B916100589D1F /* elipse.png in Resources */,
				648E7FA31A537F8400F1CD6F /* btn_close_selected@2x.png in Resources */,
				6407DEB61A5B3D24007C215F /* 10.png in Resources */,
				6407DEC91A5B3D24007C215F /* 6.png in Resources */,
				6407DEBA1A5B3D24007C215F /* 14.png in Resources */,
				645B69A01A36562A004E6363 /* Climacons.ttf in Resources */,
				6407DEB51A5B3D24007C215F /* 1.png in Resources */,
				6407DEBB1A5B3D24007C215F /* 15.png in Resources */,
				6407DEB71A5B3D24007C215F /* 11.png in Resources */,
				6407DEC61A5B3D24007C215F /* 3.png in Resources */,
				648E7FA01A537F8400F1CD6F /* btn_close_normal.png in Resources */,
				64CFD1C41A50C2C500EF2067 /* cityLocations.plist in Resources */,
				6407DECC1A5B3D24007C215F /* 9.png in Resources */,
				645B69681A360FF4004E6363 /* Images.xcassets in Resources */,
				648E7F7F1A5349D300F1CD6F /* about.png in Resources */,
				6407DEC81A5B3D24007C215F /* 5.png in Resources */,
				6407DEC51A5B3D24007C215F /* 24.png in Resources */,
				648E7F821A5349D300F1CD6F /* warning.png in Resources */,
				648E7FA11A537F8400F1CD6F /* btn_close_normal@2x.png in Resources */,
				64E0D2001A40B06B001D9CED /* koodak.ttf in Resources */,
				642C16701A5C016E00BA8BD0 /* spark.png in Resources */,
				6407DEB81A5B3D24007C215F /* 12.png in Resources */,
				648E7FAD1A53F03E00F1CD6F /* weatherLogo.png in Resources */,
				6407DEC11A5B3D24007C215F /* 20.png in Resources */,
				648E1BB51A586321005F222C /* cities.xml in Resources */,
				6407DEC71A5B3D24007C215F /* 4.png in Resources */,
				648E7FA21A537F8400F1CD6F /* btn_close_selected.png in Resources */,
				6407DEBE1A5B3D24007C215F /* 18.png in Resources */,
				6407DEBC1A5B3D24007C215F /* 16.png in Resources */,
				6407DEC21A5B3D24007C215F /* 21.png in Resources */,
				6407DEC31A5B3D24007C215F /* 22.png in Resources */,
			);
			runOnlyForDeploymentPostprocessing = 0;
		};
		645B696E1A360FF4004E6363 /* Resources */ = {
			isa = PBXResourcesBuildPhase;
			buildActionMask = 2147483647;
			files = (
			);
			runOnlyForDeploymentPostprocessing = 0;
		};
/* End PBXResourcesBuildPhase section */

/* Begin PBXSourcesBuildPhase section */
		645B69531A360FF4004E6363 /* Sources */ = {
			isa = PBXSourcesBuildPhase;
			buildActionMask = 2147483647;
			files = (
				645FB1321A5AB20D00FBCB36 /* PendulumView.m in Sources */,
				6454A0CB1A44A20A00573F74 /* UIImage+ImageEffects.m in Sources */,
				645B698F1A361358004E6363 /* ZYQSphereView.m in Sources */,
				648E7F921A5361D300F1CD6F /* APPaginalContainerView.m in Sources */,
				648E7FA41A537F8400F1CD6F /* DXAlertView.m in Sources */,
				6454A0FC1A4589D300573F74 /* Settings.m in Sources */,
				648E7FA71A5380ED00F1CD6F /* Reachability.m in Sources */,
				645B698E1A361358004E6363 /* PFGoldenSectionSpiral.m in Sources */,
				648E7F981A53632600F1CD6F /* WarningsViewController.m in Sources */,
				64CFD1C71A51653800EF2067 /* UIView+AutoLayout.m in Sources */,
				6454A0F51A45897800573F74 /* FMDatabase.m in Sources */,
				64E0D1F91A40AE41001D9CED /* WeatherData.m in Sources */,
				6454A0F71A45897800573F74 /* FMDatabasePool.m in Sources */,
				648E7F951A5361D300F1CD6F /* APPaginalTableViewElement.m in Sources */,
				64428B021A557A5500CAA878 /* SnowFall.m in Sources */,
				6454A0F91A45897800573F74 /* FMResultSet.m in Sources */,
				6454A0F61A45897800573F74 /* FMDatabaseAdditions.m in Sources */,
				647DE7331A42E57F0009D24A /* MainViewController.m in Sources */,
				6454A1011A4598AB00573F74 /* StateManager.m in Sources */,
				645B69821A3611E4004E6363 /* LaunchScreen.m in Sources */,
				641F849E1A5AD3AE0067DE7C /* RainFall.m in Sources */,
				6454A0C21A449C7600573F74 /* PagingScrollView.m in Sources */,
				648E7F7A1A53408E00F1CD6F /* CHTumblrMenuView.m in Sources */,
				6454A0D11A44C2DB00573F74 /* SettingsViewController.m in Sources */,
				6454A0F41A45897800573F74 /* DBManager.m in Sources */,
				6454A0F81A45897800573F74 /* FMDatabaseQueue.m in Sources */,
				64428B051A5581B500CAA878 /* SKEmitterNode+Utilities.m in Sources */,
				6454A0CA1A44A20A00573F74 /* NSString+Substring.m in Sources */,
				64E0D1FE1A40AF6C001D9CED /* MKPersianFont.m in Sources */,
				64E0D2121A40D1EF001D9CED /* XMLReader.m in Sources */,
				645B69601A360FF4004E6363 /* AppDelegate.m in Sources */,
				645B699B1A3622E9004E6363 /* Gradient.m in Sources */,
				6454A0CE1A44AF2B00573F74 /* AddLocationViewController.m in Sources */,
				64E0D20F1A40B854001D9CED /* DataDownloader.m in Sources */,
				648E7F941A5361D300F1CD6F /* APPaginalTableView.m in Sources */,
				648E7FB01A53F3ED00F1CD6F /* AboutViewController.m in Sources */,
				648E7F861A535A4500F1CD6F /* RNFrostedSidebar.m in Sources */,
				6454A0C51A449DA700573F74 /* WeatherView.m in Sources */,
				645B695D1A360FF4004E6363 /* main.m in Sources */,
				64695C321A434F18007F2732 /* JCDHTTPConnection.m in Sources */,
				648E7F931A5361D300F1CD6F /* APPaginalContainerViewPage.m in Sources */,
			);
			runOnlyForDeploymentPostprocessing = 0;
		};
		645B696C1A360FF4004E6363 /* Sources */ = {
			isa = PBXSourcesBuildPhase;
			buildActionMask = 2147483647;
			files = (
				645B69771A360FF4004E6363 /* Irimo_WeatherTests.m in Sources */,
			);
			runOnlyForDeploymentPostprocessing = 0;
		};
/* End PBXSourcesBuildPhase section */

/* Begin PBXTargetDependency section */
		643D04E81A5AB2C500F6AB47 /* PBXTargetDependency */ = {
			isa = PBXTargetDependency;
			target = 645B69561A360FF4004E6363 /* Irimo Weather */;
			targetProxy = 643D04E71A5AB2C500F6AB47 /* PBXContainerItemProxy */;
		};
/* End PBXTargetDependency section */

/* Begin PBXVariantGroup section */
		645B69641A360FF4004E6363 /* Main.storyboard */ = {
			isa = PBXVariantGroup;
			children = (
				645B69651A360FF4004E6363 /* Base */,
			);
			name = Main.storyboard;
			sourceTree = "<group>";
		};
/* End PBXVariantGroup section */

/* Begin XCBuildConfiguration section */
		645B69781A360FF4004E6363 /* Debug */ = {
			isa = XCBuildConfiguration;
			buildSettings = {
				ALWAYS_SEARCH_USER_PATHS = NO;
				CLANG_CXX_LANGUAGE_STANDARD = "gnu++0x";
				CLANG_CXX_LIBRARY = "libc++";
				CLANG_ENABLE_MODULES = YES;
				CLANG_ENABLE_OBJC_ARC = YES;
				CLANG_WARN_BOOL_CONVERSION = YES;
				CLANG_WARN_CONSTANT_CONVERSION = YES;
				CLANG_WARN_DIRECT_OBJC_ISA_USAGE = YES_ERROR;
				CLANG_WARN_EMPTY_BODY = YES;
				CLANG_WARN_ENUM_CONVERSION = YES;
				CLANG_WARN_INT_CONVERSION = YES;
				CLANG_WARN_OBJC_ROOT_CLASS = YES_ERROR;
				CLANG_WARN_UNREACHABLE_CODE = YES;
				CLANG_WARN__DUPLICATE_METHOD_MATCH = YES;
				"CODE_SIGN_IDENTITY[sdk=iphoneos*]" = "iPhone Developer";
				COPY_PHASE_STRIP = NO;
				ENABLE_STRICT_OBJC_MSGSEND = YES;
				GCC_C_LANGUAGE_STANDARD = gnu99;
				GCC_DYNAMIC_NO_PIC = NO;
				GCC_OPTIMIZATION_LEVEL = 0;
				GCC_PREPROCESSOR_DEFINITIONS = (
					"DEBUG=1",
					"$(inherited)",
				);
				GCC_SYMBOLS_PRIVATE_EXTERN = NO;
				GCC_WARN_64_TO_32_BIT_CONVERSION = YES;
				GCC_WARN_ABOUT_RETURN_TYPE = YES_ERROR;
				GCC_WARN_UNDECLARED_SELECTOR = YES;
				GCC_WARN_UNINITIALIZED_AUTOS = YES_AGGRESSIVE;
				GCC_WARN_UNUSED_FUNCTION = YES;
				GCC_WARN_UNUSED_VARIABLE = YES;
				IPHONEOS_DEPLOYMENT_TARGET = 8.1;
				MTL_ENABLE_DEBUG_INFO = YES;
				ONLY_ACTIVE_ARCH = YES;
				SDKROOT = iphoneos;
				TARGETED_DEVICE_FAMILY = "1,2";
			};
			name = Debug;
		};
		645B69791A360FF4004E6363 /* Release */ = {
			isa = XCBuildConfiguration;
			buildSettings = {
				ALWAYS_SEARCH_USER_PATHS = NO;
				CLANG_CXX_LANGUAGE_STANDARD = "gnu++0x";
				CLANG_CXX_LIBRARY = "libc++";
				CLANG_ENABLE_MODULES = YES;
				CLANG_ENABLE_OBJC_ARC = YES;
				CLANG_WARN_BOOL_CONVERSION = YES;
				CLANG_WARN_CONSTANT_CONVERSION = YES;
				CLANG_WARN_DIRECT_OBJC_ISA_USAGE = YES_ERROR;
				CLANG_WARN_EMPTY_BODY = YES;
				CLANG_WARN_ENUM_CONVERSION = YES;
				CLANG_WARN_INT_CONVERSION = YES;
				CLANG_WARN_OBJC_ROOT_CLASS = YES_ERROR;
				CLANG_WARN_UNREACHABLE_CODE = YES;
				CLANG_WARN__DUPLICATE_METHOD_MATCH = YES;
				"CODE_SIGN_IDENTITY[sdk=iphoneos*]" = "iPhone Developer";
				COPY_PHASE_STRIP = YES;
				ENABLE_NS_ASSERTIONS = NO;
				ENABLE_STRICT_OBJC_MSGSEND = YES;
				GCC_C_LANGUAGE_STANDARD = gnu99;
				GCC_WARN_64_TO_32_BIT_CONVERSION = YES;
				GCC_WARN_ABOUT_RETURN_TYPE = YES_ERROR;
				GCC_WARN_UNDECLARED_SELECTOR = YES;
				GCC_WARN_UNINITIALIZED_AUTOS = YES_AGGRESSIVE;
				GCC_WARN_UNUSED_FUNCTION = YES;
				GCC_WARN_UNUSED_VARIABLE = YES;
				IPHONEOS_DEPLOYMENT_TARGET = 8.1;
				MTL_ENABLE_DEBUG_INFO = NO;
				SDKROOT = iphoneos;
				TARGETED_DEVICE_FAMILY = "1,2";
				VALIDATE_PRODUCT = YES;
			};
			name = Release;
		};
		645B697B1A360FF4004E6363 /* Debug */ = {
			isa = XCBuildConfiguration;
			buildSettings = {
				ASSETCATALOG_COMPILER_APPICON_NAME = AppIcon;
				ASSETCATALOG_COMPILER_LAUNCHIMAGE_NAME = LaunchImage;
				CLANG_CXX_LANGUAGE_STANDARD = "compiler-default";
				CLANG_CXX_LIBRARY = "compiler-default";
				CLANG_ENABLE_OBJC_ARC = YES;
				CODE_SIGN_IDENTITY = "iPhone Developer";
				"CODE_SIGN_IDENTITY[sdk=iphoneos*]" = "iPhone Developer";
				GCC_C_LANGUAGE_STANDARD = c99;
				GCC_PRECOMPILE_PREFIX_HEADER = YES;
				GCC_PREFIX_HEADER = "Irimo Weather/SphereView_Prefix.pch";
				INFOPLIST_FILE = "$(SRCROOT)/Irimo Weather/Info.plist";
				IPHONEOS_DEPLOYMENT_TARGET = 7.0;
				LD_RUNPATH_SEARCH_PATHS = "$(inherited) @executable_path/Frameworks";
				PRODUCT_NAME = "Irimo Weather";
				PROVISIONING_PROFILE = "";
				TARGETED_DEVICE_FAMILY = "1,2";
			};
			name = Debug;
		};
		645B697C1A360FF4004E6363 /* Release */ = {
			isa = XCBuildConfiguration;
			buildSettings = {
				ASSETCATALOG_COMPILER_APPICON_NAME = AppIcon;
				ASSETCATALOG_COMPILER_LAUNCHIMAGE_NAME = LaunchImage;
				CLANG_CXX_LANGUAGE_STANDARD = "compiler-default";
				CLANG_CXX_LIBRARY = "compiler-default";
				CLANG_ENABLE_OBJC_ARC = YES;
				CODE_SIGN_IDENTITY = "iPhone Developer";
				"CODE_SIGN_IDENTITY[sdk=iphoneos*]" = "iPhone Developer";
				GCC_C_LANGUAGE_STANDARD = c99;
				GCC_PRECOMPILE_PREFIX_HEADER = YES;
				GCC_PREFIX_HEADER = "Irimo Weather/SphereView_Prefix.pch";
				INFOPLIST_FILE = "$(SRCROOT)/Irimo Weather/Info.plist";
				IPHONEOS_DEPLOYMENT_TARGET = 7.0;
				LD_RUNPATH_SEARCH_PATHS = "$(inherited) @executable_path/Frameworks";
				"OTHER_CFLAGS[arch=*]" = "-DNS_BLOCK_ASSERTIONS=1";
				PRODUCT_NAME = "Irimo Weather";
				PROVISIONING_PROFILE = "";
				TARGETED_DEVICE_FAMILY = "1,2";
			};
			name = Release;
		};
		645B697E1A360FF4004E6363 /* Debug */ = {
			isa = XCBuildConfiguration;
			buildSettings = {
				BUNDLE_LOADER = "$(TEST_HOST)";
				FRAMEWORK_SEARCH_PATHS = (
					"$(SDKROOT)/Developer/Library/Frameworks",
					"$(inherited)",
				);
				GCC_PREPROCESSOR_DEFINITIONS = (
					"DEBUG=1",
					"$(inherited)",
				);
				INFOPLIST_FILE = "Irimo WeatherTests/Info.plist";
				LD_RUNPATH_SEARCH_PATHS = "$(inherited) @executable_path/Frameworks @loader_path/Frameworks";
				PRODUCT_NAME = "Irimo Weather";
				TEST_HOST = "$(BUILT_PRODUCTS_DIR)/Irimo Weather.app/Irimo Weather";
			};
			name = Debug;
		};
		645B697F1A360FF4004E6363 /* Release */ = {
			isa = XCBuildConfiguration;
			buildSettings = {
				BUNDLE_LOADER = "$(TEST_HOST)";
				FRAMEWORK_SEARCH_PATHS = (
					"$(SDKROOT)/Developer/Library/Frameworks",
					"$(inherited)",
				);
				INFOPLIST_FILE = "Irimo WeatherTests/Info.plist";
				LD_RUNPATH_SEARCH_PATHS = "$(inherited) @executable_path/Frameworks @loader_path/Frameworks";
				PRODUCT_NAME = "Irimo Weather";
				TEST_HOST = "$(BUILT_PRODUCTS_DIR)/Irimo Weather.app/Irimo Weather";
			};
			name = Release;
		};
/* End XCBuildConfiguration section */

/* Begin XCConfigurationList section */
		645B69521A360FF4004E6363 /* Build configuration list for PBXProject "Irimo Weather" */ = {
			isa = XCConfigurationList;
			buildConfigurations = (
				645B69781A360FF4004E6363 /* Debug */,
				645B69791A360FF4004E6363 /* Release */,
			);
			defaultConfigurationIsVisible = 0;
			defaultConfigurationName = Release;
		};
		645B697A1A360FF4004E6363 /* Build configuration list for PBXNativeTarget "Irimo Weather" */ = {
			isa = XCConfigurationList;
			buildConfigurations = (
				645B697B1A360FF4004E6363 /* Debug */,
				645B697C1A360FF4004E6363 /* Release */,
			);
			defaultConfigurationIsVisible = 0;
			defaultConfigurationName = Release;
		};
		645B697D1A360FF4004E6363 /* Build configuration list for PBXNativeTarget "Irimo WeatherTests" */ = {
			isa = XCConfigurationList;
			buildConfigurations = (
				645B697E1A360FF4004E6363 /* Debug */,
				645B697F1A360FF4004E6363 /* Release */,
			);
			defaultConfigurationIsVisible = 0;
			defaultConfigurationName = Release;
		};
/* End XCConfigurationList section */
	};
	rootObject = 645B694F1A360FF4004E6363 /* Project object */;
}
